// !$*UTF8*$!
{
	archiveVersion = 1;
	classes = {
	};
	objectVersion = 55;
	objects = {

/* Begin PBXBuildFile section */
		872172A429C2B1FB00650C0E /* Realm in Frameworks */ = {isa = PBXBuildFile; productRef = 872172A329C2B1FB00650C0E /* Realm */; };
		872172A629C2B1FB00650C0E /* RealmSwift in Frameworks */ = {isa = PBXBuildFile; productRef = 872172A529C2B1FB00650C0E /* RealmSwift */; };
		8741CBB327ACB80F00A40F7C /* Assets.xcassets in Resources */ = {isa = PBXBuildFile; fileRef = 8741CBB227ACB80F00A40F7C /* Assets.xcassets */; };
		8741CBB627ACB80F00A40F7C /* Preview Assets.xcassets in Resources */ = {isa = PBXBuildFile; fileRef = 8741CBB527ACB80F00A40F7C /* Preview Assets.xcassets */; };
		87B4D87C29E7DE6B00CBDE1F /* Transform in Frameworks */ = {isa = PBXBuildFile; productRef = 87B4D87B29E7DE6B00CBDE1F /* Transform */; };
		87E2E63327ACB8C500AC3214 /* RxSwiftRex in Frameworks */ = {isa = PBXBuildFile; productRef = 87E2E63227ACB8C500AC3214 /* RxSwiftRex */; };
		87E2E65E27ACB96300AC3214 /* MainReducer.swift in Sources */ = {isa = PBXBuildFile; fileRef = 87E2E64027ACB96300AC3214 /* MainReducer.swift */; };
		87E2E65F27ACB96300AC3214 /* MainState.swift in Sources */ = {isa = PBXBuildFile; fileRef = 87E2E64127ACB96300AC3214 /* MainState.swift */; };
		87E2E66027ACB96300AC3214 /* MainMiddleware.swift in Sources */ = {isa = PBXBuildFile; fileRef = 87E2E64227ACB96300AC3214 /* MainMiddleware.swift */; };
		87E2E66227ACB96300AC3214 /* MainAction.swift in Sources */ = {isa = PBXBuildFile; fileRef = 87E2E64427ACB96300AC3214 /* MainAction.swift */; };
		87E2E66327ACB96300AC3214 /* CounterReducer.swift in Sources */ = {isa = PBXBuildFile; fileRef = 87E2E64627ACB96300AC3214 /* CounterReducer.swift */; };
		87E2E66427ACB96300AC3214 /* CounterState.swift in Sources */ = {isa = PBXBuildFile; fileRef = 87E2E64727ACB96300AC3214 /* CounterState.swift */; };
		87E2E66527ACB96300AC3214 /* CounterView.swift in Sources */ = {isa = PBXBuildFile; fileRef = 87E2E64827ACB96300AC3214 /* CounterView.swift */; };
		87E2E66627ACB96300AC3214 /* CounterAction.swift in Sources */ = {isa = PBXBuildFile; fileRef = 87E2E64927ACB96300AC3214 /* CounterAction.swift */; };
		87E2E66727ACB96300AC3214 /* CounterMiddleware.swift in Sources */ = {isa = PBXBuildFile; fileRef = 87E2E64A27ACB96300AC3214 /* CounterMiddleware.swift */; };
		87E2E66827ACB96300AC3214 /* AuthMiddleware.swift in Sources */ = {isa = PBXBuildFile; fileRef = 87E2E64C27ACB96300AC3214 /* AuthMiddleware.swift */; };
		87E2E66927ACB96300AC3214 /* AuthState.swift in Sources */ = {isa = PBXBuildFile; fileRef = 87E2E64D27ACB96300AC3214 /* AuthState.swift */; };
		87E2E66B27ACB96300AC3214 /* AuthReducer.swift in Sources */ = {isa = PBXBuildFile; fileRef = 87E2E64F27ACB96300AC3214 /* AuthReducer.swift */; };
		87E2E66C27ACB96300AC3214 /* AuthAction.swift in Sources */ = {isa = PBXBuildFile; fileRef = 87E2E65027ACB96300AC3214 /* AuthAction.swift */; };
		87E2E66D27ACB96300AC3214 /* RootAction.swift in Sources */ = {isa = PBXBuildFile; fileRef = 87E2E65227ACB96300AC3214 /* RootAction.swift */; };
		87E2E66F27ACB96300AC3214 /* RootState.swift in Sources */ = {isa = PBXBuildFile; fileRef = 87E2E65427ACB96300AC3214 /* RootState.swift */; };
		87E2E67027ACB96300AC3214 /* RootReducer.swift in Sources */ = {isa = PBXBuildFile; fileRef = 87E2E65527ACB96300AC3214 /* RootReducer.swift */; };
		87E2E67127ACB96300AC3214 /* RootMiddleware.swift in Sources */ = {isa = PBXBuildFile; fileRef = 87E2E65627ACB96300AC3214 /* RootMiddleware.swift */; };
		87E2E67227ACB96300AC3214 /* TodoApp.swift in Sources */ = {isa = PBXBuildFile; fileRef = 87E2E65727ACB96300AC3214 /* TodoApp.swift */; };
		87E2E67327ACB96300AC3214 /* CoreApp.swift in Sources */ = {isa = PBXBuildFile; fileRef = 87E2E65827ACB96300AC3214 /* CoreApp.swift */; };
		87E2E67427ACB96300AC3214 /* TodoModel.swift in Sources */ = {isa = PBXBuildFile; fileRef = 87E2E65A27ACB96300AC3214 /* TodoModel.swift */; };
		87E2E67627ACB96300AC3214 /* ViewStore.swift in Sources */ = {isa = PBXBuildFile; fileRef = 87E2E65D27ACB96300AC3214 /* ViewStore.swift */; };
		87E2E6ED27ACBB0300AC3214 /* RxCocoa in Frameworks */ = {isa = PBXBuildFile; productRef = 87E2E6EC27ACBB0300AC3214 /* RxCocoa */; };
		87E2E6EF27ACBB0300AC3214 /* RxRelay in Frameworks */ = {isa = PBXBuildFile; productRef = 87E2E6EE27ACBB0300AC3214 /* RxRelay */; };
		87E2E76E27ACE81F00AC3214 /* RootViewController.swift in Sources */ = {isa = PBXBuildFile; fileRef = 87E2E76D27ACE81F00AC3214 /* RootViewController.swift */; };
		87E2E77027ACE82D00AC3214 /* AuthViewController.swift in Sources */ = {isa = PBXBuildFile; fileRef = 87E2E76F27ACE82D00AC3214 /* AuthViewController.swift */; };
		87E2E77227ACE83700AC3214 /* CounterViewController.swift in Sources */ = {isa = PBXBuildFile; fileRef = 87E2E77127ACE83700AC3214 /* CounterViewController.swift */; };
		87E2E77427ACE84600AC3214 /* MainViewController.swift in Sources */ = {isa = PBXBuildFile; fileRef = 87E2E77327ACE84600AC3214 /* MainViewController.swift */; };
		87E2E78B27AD2EE300AC3214 /* BaseMainTableViewCell.swift in Sources */ = {isa = PBXBuildFile; fileRef = 87E2E78427AD2EE200AC3214 /* BaseMainTableViewCell.swift */; };
		87E2E78C27AD2EE300AC3214 /* BaseViewController.swift in Sources */ = {isa = PBXBuildFile; fileRef = 87E2E78527AD2EE200AC3214 /* BaseViewController.swift */; };
		87E2E78D27AD2EE300AC3214 /* ButtonReloadMainTableViewCell.swift in Sources */ = {isa = PBXBuildFile; fileRef = 87E2E78627AD2EE200AC3214 /* ButtonReloadMainTableViewCell.swift */; };
		87E2E78E27AD2EE300AC3214 /* CreateTitleMainTableViewCell.swift in Sources */ = {isa = PBXBuildFile; fileRef = 87E2E78727AD2EE200AC3214 /* CreateTitleMainTableViewCell.swift */; };
		87E2E78F27AD2EE300AC3214 /* MainTableViewCell.swift in Sources */ = {isa = PBXBuildFile; fileRef = 87E2E78827AD2EE200AC3214 /* MainTableViewCell.swift */; };
		87E2E79027AD2EE300AC3214 /* View+.swift in Sources */ = {isa = PBXBuildFile; fileRef = 87E2E78A27AD2EE200AC3214 /* View+.swift */; };
/* End PBXBuildFile section */

/* Begin PBXFileReference section */
		8741CBAB27ACB80E00A40F7C /* RxSwift+Redux.app */ = {isa = PBXFileReference; explicitFileType = wrapper.application; includeInIndex = 0; path = "RxSwift+Redux.app"; sourceTree = BUILT_PRODUCTS_DIR; };
		8741CBB227ACB80F00A40F7C /* Assets.xcassets */ = {isa = PBXFileReference; lastKnownFileType = folder.assetcatalog; path = Assets.xcassets; sourceTree = "<group>"; };
		8741CBB527ACB80F00A40F7C /* Preview Assets.xcassets */ = {isa = PBXFileReference; lastKnownFileType = folder.assetcatalog; path = "Preview Assets.xcassets"; sourceTree = "<group>"; };
		87E2E64027ACB96300AC3214 /* MainReducer.swift */ = {isa = PBXFileReference; fileEncoding = 4; lastKnownFileType = sourcecode.swift; path = MainReducer.swift; sourceTree = "<group>"; };
		87E2E64127ACB96300AC3214 /* MainState.swift */ = {isa = PBXFileReference; fileEncoding = 4; lastKnownFileType = sourcecode.swift; path = MainState.swift; sourceTree = "<group>"; };
		87E2E64227ACB96300AC3214 /* MainMiddleware.swift */ = {isa = PBXFileReference; fileEncoding = 4; lastKnownFileType = sourcecode.swift; path = MainMiddleware.swift; sourceTree = "<group>"; };
		87E2E64427ACB96300AC3214 /* MainAction.swift */ = {isa = PBXFileReference; fileEncoding = 4; lastKnownFileType = sourcecode.swift; path = MainAction.swift; sourceTree = "<group>"; };
		87E2E64627ACB96300AC3214 /* CounterReducer.swift */ = {isa = PBXFileReference; fileEncoding = 4; lastKnownFileType = sourcecode.swift; path = CounterReducer.swift; sourceTree = "<group>"; };
		87E2E64727ACB96300AC3214 /* CounterState.swift */ = {isa = PBXFileReference; fileEncoding = 4; lastKnownFileType = sourcecode.swift; path = CounterState.swift; sourceTree = "<group>"; };
		87E2E64827ACB96300AC3214 /* CounterView.swift */ = {isa = PBXFileReference; fileEncoding = 4; lastKnownFileType = sourcecode.swift; path = CounterView.swift; sourceTree = "<group>"; };
		87E2E64927ACB96300AC3214 /* CounterAction.swift */ = {isa = PBXFileReference; fileEncoding = 4; lastKnownFileType = sourcecode.swift; path = CounterAction.swift; sourceTree = "<group>"; };
		87E2E64A27ACB96300AC3214 /* CounterMiddleware.swift */ = {isa = PBXFileReference; fileEncoding = 4; lastKnownFileType = sourcecode.swift; path = CounterMiddleware.swift; sourceTree = "<group>"; };
		87E2E64C27ACB96300AC3214 /* AuthMiddleware.swift */ = {isa = PBXFileReference; fileEncoding = 4; lastKnownFileType = sourcecode.swift; path = AuthMiddleware.swift; sourceTree = "<group>"; };
		87E2E64D27ACB96300AC3214 /* AuthState.swift */ = {isa = PBXFileReference; fileEncoding = 4; lastKnownFileType = sourcecode.swift; path = AuthState.swift; sourceTree = "<group>"; };
		87E2E64F27ACB96300AC3214 /* AuthReducer.swift */ = {isa = PBXFileReference; fileEncoding = 4; lastKnownFileType = sourcecode.swift; path = AuthReducer.swift; sourceTree = "<group>"; };
		87E2E65027ACB96300AC3214 /* AuthAction.swift */ = {isa = PBXFileReference; fileEncoding = 4; lastKnownFileType = sourcecode.swift; path = AuthAction.swift; sourceTree = "<group>"; };
		87E2E65227ACB96300AC3214 /* RootAction.swift */ = {isa = PBXFileReference; fileEncoding = 4; lastKnownFileType = sourcecode.swift; path = RootAction.swift; sourceTree = "<group>"; };
		87E2E65427ACB96300AC3214 /* RootState.swift */ = {isa = PBXFileReference; fileEncoding = 4; lastKnownFileType = sourcecode.swift; path = RootState.swift; sourceTree = "<group>"; };
		87E2E65527ACB96300AC3214 /* RootReducer.swift */ = {isa = PBXFileReference; fileEncoding = 4; lastKnownFileType = sourcecode.swift; path = RootReducer.swift; sourceTree = "<group>"; };
		87E2E65627ACB96300AC3214 /* RootMiddleware.swift */ = {isa = PBXFileReference; fileEncoding = 4; lastKnownFileType = sourcecode.swift; path = RootMiddleware.swift; sourceTree = "<group>"; };
		87E2E65727ACB96300AC3214 /* TodoApp.swift */ = {isa = PBXFileReference; fileEncoding = 4; lastKnownFileType = sourcecode.swift; path = TodoApp.swift; sourceTree = "<group>"; };
		87E2E65827ACB96300AC3214 /* CoreApp.swift */ = {isa = PBXFileReference; fileEncoding = 4; lastKnownFileType = sourcecode.swift; path = CoreApp.swift; sourceTree = "<group>"; };
		87E2E65A27ACB96300AC3214 /* TodoModel.swift */ = {isa = PBXFileReference; fileEncoding = 4; lastKnownFileType = sourcecode.swift; path = TodoModel.swift; sourceTree = "<group>"; };
		87E2E65D27ACB96300AC3214 /* ViewStore.swift */ = {isa = PBXFileReference; fileEncoding = 4; lastKnownFileType = sourcecode.swift; path = ViewStore.swift; sourceTree = "<group>"; };
		87E2E76D27ACE81F00AC3214 /* RootViewController.swift */ = {isa = PBXFileReference; lastKnownFileType = sourcecode.swift; path = RootViewController.swift; sourceTree = "<group>"; };
		87E2E76F27ACE82D00AC3214 /* AuthViewController.swift */ = {isa = PBXFileReference; lastKnownFileType = sourcecode.swift; path = AuthViewController.swift; sourceTree = "<group>"; };
		87E2E77127ACE83700AC3214 /* CounterViewController.swift */ = {isa = PBXFileReference; lastKnownFileType = sourcecode.swift; path = CounterViewController.swift; sourceTree = "<group>"; };
		87E2E77327ACE84600AC3214 /* MainViewController.swift */ = {isa = PBXFileReference; lastKnownFileType = sourcecode.swift; path = MainViewController.swift; sourceTree = "<group>"; };
		87E2E78427AD2EE200AC3214 /* BaseMainTableViewCell.swift */ = {isa = PBXFileReference; fileEncoding = 4; lastKnownFileType = sourcecode.swift; path = BaseMainTableViewCell.swift; sourceTree = "<group>"; };
		87E2E78527AD2EE200AC3214 /* BaseViewController.swift */ = {isa = PBXFileReference; fileEncoding = 4; lastKnownFileType = sourcecode.swift; path = BaseViewController.swift; sourceTree = "<group>"; };
		87E2E78627AD2EE200AC3214 /* ButtonReloadMainTableViewCell.swift */ = {isa = PBXFileReference; fileEncoding = 4; lastKnownFileType = sourcecode.swift; path = ButtonReloadMainTableViewCell.swift; sourceTree = "<group>"; };
		87E2E78727AD2EE200AC3214 /* CreateTitleMainTableViewCell.swift */ = {isa = PBXFileReference; fileEncoding = 4; lastKnownFileType = sourcecode.swift; path = CreateTitleMainTableViewCell.swift; sourceTree = "<group>"; };
		87E2E78827AD2EE200AC3214 /* MainTableViewCell.swift */ = {isa = PBXFileReference; fileEncoding = 4; lastKnownFileType = sourcecode.swift; path = MainTableViewCell.swift; sourceTree = "<group>"; };
		87E2E78A27AD2EE200AC3214 /* View+.swift */ = {isa = PBXFileReference; fileEncoding = 4; lastKnownFileType = sourcecode.swift; path = "View+.swift"; sourceTree = "<group>"; };
/* End PBXFileReference section */

/* Begin PBXFrameworksBuildPhase section */
		8741CBA827ACB80E00A40F7C /* Frameworks */ = {
			isa = PBXFrameworksBuildPhase;
			buildActionMask = 2147483647;
			files = (
				872172A629C2B1FB00650C0E /* RealmSwift in Frameworks */,
				872172A429C2B1FB00650C0E /* Realm in Frameworks */,
				87E2E6EF27ACBB0300AC3214 /* RxRelay in Frameworks */,
				87B4D87C29E7DE6B00CBDE1F /* Transform in Frameworks */,
				87E2E6ED27ACBB0300AC3214 /* RxCocoa in Frameworks */,
				87E2E63327ACB8C500AC3214 /* RxSwiftRex in Frameworks */,
			);
			runOnlyForDeploymentPostprocessing = 0;
		};
/* End PBXFrameworksBuildPhase section */

/* Begin PBXGroup section */
		8741CBA227ACB80E00A40F7C = {
			isa = PBXGroup;
			children = (
				8741CBAD27ACB80E00A40F7C /* RxSwift+Redux */,
				8741CBAC27ACB80E00A40F7C /* Products */,
			);
			sourceTree = "<group>";
		};
		8741CBAC27ACB80E00A40F7C /* Products */ = {
			isa = PBXGroup;
			children = (
				8741CBAB27ACB80E00A40F7C /* RxSwift+Redux.app */,
			);
			name = Products;
			sourceTree = "<group>";
		};
		8741CBAD27ACB80E00A40F7C /* RxSwift+Redux */ = {
			isa = PBXGroup;
			children = (
				87E2E63D27ACB96300AC3214 /* CoreApp */,
				8741CBB227ACB80F00A40F7C /* Assets.xcassets */,
				8741CBB427ACB80F00A40F7C /* Preview Content */,
			);
			path = "RxSwift+Redux";
			sourceTree = "<group>";
		};
		8741CBB427ACB80F00A40F7C /* Preview Content */ = {
			isa = PBXGroup;
			children = (
				8741CBB527ACB80F00A40F7C /* Preview Assets.xcassets */,
			);
			path = "Preview Content";
			sourceTree = "<group>";
		};
		87E2E63D27ACB96300AC3214 /* CoreApp */ = {
			isa = PBXGroup;
			children = (
				87E2E78927AD2EE200AC3214 /* View+ */,
				87E2E78327AD2EE200AC3214 /* Views */,
				87E2E65B27ACB96300AC3214 /* Redux+ */,
				87E2E65927ACB96300AC3214 /* Models */,
				87E2E63E27ACB96300AC3214 /* AppScreens */,
				87E2E65727ACB96300AC3214 /* TodoApp.swift */,
			);
			path = CoreApp;
			sourceTree = "<group>";
		};
		87E2E63E27ACB96300AC3214 /* AppScreens */ = {
			isa = PBXGroup;
			children = (
				87E2E63F27ACB96300AC3214 /* MainScreen */,
				87E2E64527ACB96300AC3214 /* CounterScreen */,
				87E2E64B27ACB96300AC3214 /* AuthScreen */,
				87E2E65127ACB96300AC3214 /* RootScreen */,
			);
			path = AppScreens;
			sourceTree = "<group>";
		};
		87E2E63F27ACB96300AC3214 /* MainScreen */ = {
			isa = PBXGroup;
			children = (
				87E2E77327ACE84600AC3214 /* MainViewController.swift */,
				87E2E64127ACB96300AC3214 /* MainState.swift */,
				87E2E64427ACB96300AC3214 /* MainAction.swift */,
				87E2E64027ACB96300AC3214 /* MainReducer.swift */,
				87E2E64227ACB96300AC3214 /* MainMiddleware.swift */,
			);
			path = MainScreen;
			sourceTree = "<group>";
		};
		87E2E64527ACB96300AC3214 /* CounterScreen */ = {
			isa = PBXGroup;
			children = (
				87E2E77127ACE83700AC3214 /* CounterViewController.swift */,
				87E2E64827ACB96300AC3214 /* CounterView.swift */,
				87E2E64727ACB96300AC3214 /* CounterState.swift */,
				87E2E64927ACB96300AC3214 /* CounterAction.swift */,
				87E2E64627ACB96300AC3214 /* CounterReducer.swift */,
				87E2E64A27ACB96300AC3214 /* CounterMiddleware.swift */,
			);
			path = CounterScreen;
			sourceTree = "<group>";
		};
		87E2E64B27ACB96300AC3214 /* AuthScreen */ = {
			isa = PBXGroup;
			children = (
				87E2E76F27ACE82D00AC3214 /* AuthViewController.swift */,
				87E2E64D27ACB96300AC3214 /* AuthState.swift */,
				87E2E65027ACB96300AC3214 /* AuthAction.swift */,
				87E2E64F27ACB96300AC3214 /* AuthReducer.swift */,
				87E2E64C27ACB96300AC3214 /* AuthMiddleware.swift */,
			);
			path = AuthScreen;
			sourceTree = "<group>";
		};
		87E2E65127ACB96300AC3214 /* RootScreen */ = {
			isa = PBXGroup;
			children = (
				87E2E76D27ACE81F00AC3214 /* RootViewController.swift */,
				87E2E65427ACB96300AC3214 /* RootState.swift */,
				87E2E65227ACB96300AC3214 /* RootAction.swift */,
				87E2E65527ACB96300AC3214 /* RootReducer.swift */,
				87E2E65627ACB96300AC3214 /* RootMiddleware.swift */,
			);
			path = RootScreen;
			sourceTree = "<group>";
		};
		87E2E65927ACB96300AC3214 /* Models */ = {
			isa = PBXGroup;
			children = (
				87E2E65A27ACB96300AC3214 /* TodoModel.swift */,
			);
			path = Models;
			sourceTree = "<group>";
		};
		87E2E65B27ACB96300AC3214 /* Redux+ */ = {
			isa = PBXGroup;
			children = (
				87E2E65827ACB96300AC3214 /* CoreApp.swift */,
				87E2E65D27ACB96300AC3214 /* ViewStore.swift */,
			);
			path = "Redux+";
			sourceTree = "<group>";
		};
		87E2E78327AD2EE200AC3214 /* Views */ = {
			isa = PBXGroup;
			children = (
				87E2E78427AD2EE200AC3214 /* BaseMainTableViewCell.swift */,
				87E2E78527AD2EE200AC3214 /* BaseViewController.swift */,
				87E2E78627AD2EE200AC3214 /* ButtonReloadMainTableViewCell.swift */,
				87E2E78727AD2EE200AC3214 /* CreateTitleMainTableViewCell.swift */,
				87E2E78827AD2EE200AC3214 /* MainTableViewCell.swift */,
			);
			path = Views;
			sourceTree = "<group>";
		};
		87E2E78927AD2EE200AC3214 /* View+ */ = {
			isa = PBXGroup;
			children = (
				87E2E78A27AD2EE200AC3214 /* View+.swift */,
			);
			path = "View+";
			sourceTree = "<group>";
		};
/* End PBXGroup section */

/* Begin PBXNativeTarget section */
		8741CBAA27ACB80E00A40F7C /* RxSwift+Redux */ = {
			isa = PBXNativeTarget;
			buildConfigurationList = 8741CBB927ACB80F00A40F7C /* Build configuration list for PBXNativeTarget "RxSwift+Redux" */;
			buildPhases = (
				8741CBA727ACB80E00A40F7C /* Sources */,
				8741CBA827ACB80E00A40F7C /* Frameworks */,
				8741CBA927ACB80E00A40F7C /* Resources */,
			);
			buildRules = (
			);
			dependencies = (
			);
			name = "RxSwift+Redux";
			packageProductDependencies = (
				87E2E63227ACB8C500AC3214 /* RxSwiftRex */,
				87E2E6EC27ACBB0300AC3214 /* RxCocoa */,
				87E2E6EE27ACBB0300AC3214 /* RxRelay */,
				872172A329C2B1FB00650C0E /* Realm */,
				872172A529C2B1FB00650C0E /* RealmSwift */,
				87B4D87B29E7DE6B00CBDE1F /* Transform */,
			);
			productName = "RxSwift+Redux";
			productReference = 8741CBAB27ACB80E00A40F7C /* RxSwift+Redux.app */;
			productType = "com.apple.product-type.application";
		};
/* End PBXNativeTarget section */

/* Begin PBXProject section */
		8741CBA327ACB80E00A40F7C /* Project object */ = {
			isa = PBXProject;
			attributes = {
				BuildIndependentTargetsInParallel = 1;
				LastSwiftUpdateCheck = 1320;
				LastUpgradeCheck = 1320;
				TargetAttributes = {
					8741CBAA27ACB80E00A40F7C = {
						CreatedOnToolsVersion = 13.2.1;
					};
				};
			};
			buildConfigurationList = 8741CBA627ACB80E00A40F7C /* Build configuration list for PBXProject "RxSwift+Redux" */;
			compatibilityVersion = "Xcode 13.0";
			developmentRegion = en;
			hasScannedForEncodings = 0;
			knownRegions = (
				en,
				Base,
			);
			mainGroup = 8741CBA227ACB80E00A40F7C;
			packageReferences = (
				87E2E63127ACB8C500AC3214 /* XCRemoteSwiftPackageReference "SwiftRex" */,
				87E2E6EB27ACBB0300AC3214 /* XCRemoteSwiftPackageReference "RxSwift" */,
				872172A229C2B1FB00650C0E /* XCRemoteSwiftPackageReference "realm-swift" */,
				87B4D87A29E7DE6B00CBDE1F /* XCRemoteSwiftPackageReference "swift-extension" */,
			);
			productRefGroup = 8741CBAC27ACB80E00A40F7C /* Products */;
			projectDirPath = "";
			projectRoot = "";
			targets = (
				8741CBAA27ACB80E00A40F7C /* RxSwift+Redux */,
			);
		};
/* End PBXProject section */

/* Begin PBXResourcesBuildPhase section */
		8741CBA927ACB80E00A40F7C /* Resources */ = {
			isa = PBXResourcesBuildPhase;
			buildActionMask = 2147483647;
			files = (
				8741CBB627ACB80F00A40F7C /* Preview Assets.xcassets in Resources */,
				8741CBB327ACB80F00A40F7C /* Assets.xcassets in Resources */,
			);
			runOnlyForDeploymentPostprocessing = 0;
		};
/* End PBXResourcesBuildPhase section */

/* Begin PBXSourcesBuildPhase section */
		8741CBA727ACB80E00A40F7C /* Sources */ = {
			isa = PBXSourcesBuildPhase;
			buildActionMask = 2147483647;
			files = (
				87E2E66427ACB96300AC3214 /* CounterState.swift in Sources */,
				87E2E78D27AD2EE300AC3214 /* ButtonReloadMainTableViewCell.swift in Sources */,
				87E2E66027ACB96300AC3214 /* MainMiddleware.swift in Sources */,
				87E2E67327ACB96300AC3214 /* CoreApp.swift in Sources */,
				87E2E66327ACB96300AC3214 /* CounterReducer.swift in Sources */,
				87E2E78C27AD2EE300AC3214 /* BaseViewController.swift in Sources */,
				87E2E78F27AD2EE300AC3214 /* MainTableViewCell.swift in Sources */,
				87E2E76E27ACE81F00AC3214 /* RootViewController.swift in Sources */,
				87E2E67227ACB96300AC3214 /* TodoApp.swift in Sources */,
				87E2E67127ACB96300AC3214 /* RootMiddleware.swift in Sources */,
				87E2E77027ACE82D00AC3214 /* AuthViewController.swift in Sources */,
				87E2E66C27ACB96300AC3214 /* AuthAction.swift in Sources */,
				87E2E78B27AD2EE300AC3214 /* BaseMainTableViewCell.swift in Sources */,
				87E2E77227ACE83700AC3214 /* CounterViewController.swift in Sources */,
				87E2E66227ACB96300AC3214 /* MainAction.swift in Sources */,
				87E2E77427ACE84600AC3214 /* MainViewController.swift in Sources */,
				87E2E79027AD2EE300AC3214 /* View+.swift in Sources */,
				87E2E66827ACB96300AC3214 /* AuthMiddleware.swift in Sources */,
				87E2E78E27AD2EE300AC3214 /* CreateTitleMainTableViewCell.swift in Sources */,
				87E2E67627ACB96300AC3214 /* ViewStore.swift in Sources */,
				87E2E66D27ACB96300AC3214 /* RootAction.swift in Sources */,
				87E2E65F27ACB96300AC3214 /* MainState.swift in Sources */,
				87E2E67427ACB96300AC3214 /* TodoModel.swift in Sources */,
				87E2E66B27ACB96300AC3214 /* AuthReducer.swift in Sources */,
				87E2E66627ACB96300AC3214 /* CounterAction.swift in Sources */,
				87E2E67027ACB96300AC3214 /* RootReducer.swift in Sources */,
				87E2E66727ACB96300AC3214 /* CounterMiddleware.swift in Sources */,
				87E2E65E27ACB96300AC3214 /* MainReducer.swift in Sources */,
				87E2E66F27ACB96300AC3214 /* RootState.swift in Sources */,
				87E2E66527ACB96300AC3214 /* CounterView.swift in Sources */,
				87E2E66927ACB96300AC3214 /* AuthState.swift in Sources */,
			);
			runOnlyForDeploymentPostprocessing = 0;
		};
/* End PBXSourcesBuildPhase section */

/* Begin XCBuildConfiguration section */
		8741CBB727ACB80F00A40F7C /* Debug */ = {
			isa = XCBuildConfiguration;
			buildSettings = {
				ALWAYS_SEARCH_USER_PATHS = NO;
				CLANG_ANALYZER_NONNULL = YES;
				CLANG_ANALYZER_NUMBER_OBJECT_CONVERSION = YES_AGGRESSIVE;
				CLANG_CXX_LANGUAGE_STANDARD = "gnu++17";
				CLANG_CXX_LIBRARY = "libc++";
				CLANG_ENABLE_MODULES = YES;
				CLANG_ENABLE_OBJC_ARC = YES;
				CLANG_ENABLE_OBJC_WEAK = YES;
				CLANG_WARN_BLOCK_CAPTURE_AUTORELEASING = YES;
				CLANG_WARN_BOOL_CONVERSION = YES;
				CLANG_WARN_COMMA = YES;
				CLANG_WARN_CONSTANT_CONVERSION = YES;
				CLANG_WARN_DEPRECATED_OBJC_IMPLEMENTATIONS = YES;
				CLANG_WARN_DIRECT_OBJC_ISA_USAGE = YES_ERROR;
				CLANG_WARN_DOCUMENTATION_COMMENTS = YES;
				CLANG_WARN_EMPTY_BODY = YES;
				CLANG_WARN_ENUM_CONVERSION = YES;
				CLANG_WARN_INFINITE_RECURSION = YES;
				CLANG_WARN_INT_CONVERSION = YES;
				CLANG_WARN_NON_LITERAL_NULL_CONVERSION = YES;
				CLANG_WARN_OBJC_IMPLICIT_RETAIN_SELF = YES;
				CLANG_WARN_OBJC_LITERAL_CONVERSION = YES;
				CLANG_WARN_OBJC_ROOT_CLASS = YES_ERROR;
				CLANG_WARN_QUOTED_INCLUDE_IN_FRAMEWORK_HEADER = YES;
				CLANG_WARN_RANGE_LOOP_ANALYSIS = YES;
				CLANG_WARN_STRICT_PROTOTYPES = YES;
				CLANG_WARN_SUSPICIOUS_MOVE = YES;
				CLANG_WARN_UNGUARDED_AVAILABILITY = YES_AGGRESSIVE;
				CLANG_WARN_UNREACHABLE_CODE = YES;
				CLANG_WARN__DUPLICATE_METHOD_MATCH = YES;
				COPY_PHASE_STRIP = NO;
				DEBUG_INFORMATION_FORMAT = dwarf;
				ENABLE_STRICT_OBJC_MSGSEND = YES;
				ENABLE_TESTABILITY = YES;
				GCC_C_LANGUAGE_STANDARD = gnu11;
				GCC_DYNAMIC_NO_PIC = NO;
				GCC_NO_COMMON_BLOCKS = YES;
				GCC_OPTIMIZATION_LEVEL = 0;
				GCC_PREPROCESSOR_DEFINITIONS = (
					"DEBUG=1",
					"$(inherited)",
				);
				GCC_WARN_64_TO_32_BIT_CONVERSION = YES;
				GCC_WARN_ABOUT_RETURN_TYPE = YES_ERROR;
				GCC_WARN_UNDECLARED_SELECTOR = YES;
				GCC_WARN_UNINITIALIZED_AUTOS = YES_AGGRESSIVE;
				GCC_WARN_UNUSED_FUNCTION = YES;
				GCC_WARN_UNUSED_VARIABLE = YES;
				IPHONEOS_DEPLOYMENT_TARGET = 14.0;
				MTL_ENABLE_DEBUG_INFO = INCLUDE_SOURCE;
				MTL_FAST_MATH = YES;
				ONLY_ACTIVE_ARCH = YES;
				SDKROOT = iphoneos;
				SWIFT_ACTIVE_COMPILATION_CONDITIONS = DEBUG;
				SWIFT_OPTIMIZATION_LEVEL = "-Onone";
			};
			name = Debug;
		};
		8741CBB827ACB80F00A40F7C /* Release */ = {
			isa = XCBuildConfiguration;
			buildSettings = {
				ALWAYS_SEARCH_USER_PATHS = NO;
				CLANG_ANALYZER_NONNULL = YES;
				CLANG_ANALYZER_NUMBER_OBJECT_CONVERSION = YES_AGGRESSIVE;
				CLANG_CXX_LANGUAGE_STANDARD = "gnu++17";
				CLANG_CXX_LIBRARY = "libc++";
				CLANG_ENABLE_MODULES = YES;
				CLANG_ENABLE_OBJC_ARC = YES;
				CLANG_ENABLE_OBJC_WEAK = YES;
				CLANG_WARN_BLOCK_CAPTURE_AUTORELEASING = YES;
				CLANG_WARN_BOOL_CONVERSION = YES;
				CLANG_WARN_COMMA = YES;
				CLANG_WARN_CONSTANT_CONVERSION = YES;
				CLANG_WARN_DEPRECATED_OBJC_IMPLEMENTATIONS = YES;
				CLANG_WARN_DIRECT_OBJC_ISA_USAGE = YES_ERROR;
				CLANG_WARN_DOCUMENTATION_COMMENTS = YES;
				CLANG_WARN_EMPTY_BODY = YES;
				CLANG_WARN_ENUM_CONVERSION = YES;
				CLANG_WARN_INFINITE_RECURSION = YES;
				CLANG_WARN_INT_CONVERSION = YES;
				CLANG_WARN_NON_LITERAL_NULL_CONVERSION = YES;
				CLANG_WARN_OBJC_IMPLICIT_RETAIN_SELF = YES;
				CLANG_WARN_OBJC_LITERAL_CONVERSION = YES;
				CLANG_WARN_OBJC_ROOT_CLASS = YES_ERROR;
				CLANG_WARN_QUOTED_INCLUDE_IN_FRAMEWORK_HEADER = YES;
				CLANG_WARN_RANGE_LOOP_ANALYSIS = YES;
				CLANG_WARN_STRICT_PROTOTYPES = YES;
				CLANG_WARN_SUSPICIOUS_MOVE = YES;
				CLANG_WARN_UNGUARDED_AVAILABILITY = YES_AGGRESSIVE;
				CLANG_WARN_UNREACHABLE_CODE = YES;
				CLANG_WARN__DUPLICATE_METHOD_MATCH = YES;
				COPY_PHASE_STRIP = NO;
				DEBUG_INFORMATION_FORMAT = "dwarf-with-dsym";
				ENABLE_NS_ASSERTIONS = NO;
				ENABLE_STRICT_OBJC_MSGSEND = YES;
				GCC_C_LANGUAGE_STANDARD = gnu11;
				GCC_NO_COMMON_BLOCKS = YES;
				GCC_WARN_64_TO_32_BIT_CONVERSION = YES;
				GCC_WARN_ABOUT_RETURN_TYPE = YES_ERROR;
				GCC_WARN_UNDECLARED_SELECTOR = YES;
				GCC_WARN_UNINITIALIZED_AUTOS = YES_AGGRESSIVE;
				GCC_WARN_UNUSED_FUNCTION = YES;
				GCC_WARN_UNUSED_VARIABLE = YES;
				IPHONEOS_DEPLOYMENT_TARGET = 14.0;
				MTL_ENABLE_DEBUG_INFO = NO;
				MTL_FAST_MATH = YES;
				SDKROOT = iphoneos;
				SWIFT_COMPILATION_MODE = wholemodule;
				SWIFT_OPTIMIZATION_LEVEL = "-O";
				VALIDATE_PRODUCT = YES;
			};
			name = Release;
		};
		8741CBBA27ACB80F00A40F7C /* Debug */ = {
			isa = XCBuildConfiguration;
			buildSettings = {
				ASSETCATALOG_COMPILER_APPICON_NAME = AppIcon;
				ASSETCATALOG_COMPILER_GLOBAL_ACCENT_COLOR_NAME = AccentColor;
				CODE_SIGN_STYLE = Automatic;
				CURRENT_PROJECT_VERSION = 1;
				DEVELOPMENT_ASSET_PATHS = "\"RxSwift+Redux/Preview Content\"";
				DEVELOPMENT_TEAM = 2H5PN3F9B6;
				ENABLE_PREVIEWS = YES;
				GENERATE_INFOPLIST_FILE = YES;
				INFOPLIST_KEY_UIApplicationSceneManifest_Generation = YES;
				INFOPLIST_KEY_UIApplicationSupportsIndirectInputEvents = YES;
				INFOPLIST_KEY_UILaunchScreen_Generation = YES;
				INFOPLIST_KEY_UISupportedInterfaceOrientations_iPad = "UIInterfaceOrientationPortrait UIInterfaceOrientationPortraitUpsideDown UIInterfaceOrientationLandscapeLeft UIInterfaceOrientationLandscapeRight";
				INFOPLIST_KEY_UISupportedInterfaceOrientations_iPhone = "UIInterfaceOrientationPortrait UIInterfaceOrientationLandscapeLeft UIInterfaceOrientationLandscapeRight";
				IPHONEOS_DEPLOYMENT_TARGET = 14.0;
				LD_RUNPATH_SEARCH_PATHS = (
					"$(inherited)",
					"@executable_path/Frameworks",
				);
				MARKETING_VERSION = 1.0;
				PRODUCT_BUNDLE_IDENTIFIER = "mike.fullstackswift.RxSwift-Redux";
				PRODUCT_NAME = "$(TARGET_NAME)";
				SWIFT_EMIT_LOC_STRINGS = YES;
				SWIFT_VERSION = 5.0;
				TARGETED_DEVICE_FAMILY = "1,2";
			};
			name = Debug;
		};
		8741CBBB27ACB80F00A40F7C /* Release */ = {
			isa = XCBuildConfiguration;
			buildSettings = {
				ASSETCATALOG_COMPILER_APPICON_NAME = AppIcon;
				ASSETCATALOG_COMPILER_GLOBAL_ACCENT_COLOR_NAME = AccentColor;
				CODE_SIGN_STYLE = Automatic;
				CURRENT_PROJECT_VERSION = 1;
				DEVELOPMENT_ASSET_PATHS = "\"RxSwift+Redux/Preview Content\"";
				DEVELOPMENT_TEAM = 2H5PN3F9B6;
				ENABLE_PREVIEWS = YES;
				GENERATE_INFOPLIST_FILE = YES;
				INFOPLIST_KEY_UIApplicationSceneManifest_Generation = YES;
				INFOPLIST_KEY_UIApplicationSupportsIndirectInputEvents = YES;
				INFOPLIST_KEY_UILaunchScreen_Generation = YES;
				INFOPLIST_KEY_UISupportedInterfaceOrientations_iPad = "UIInterfaceOrientationPortrait UIInterfaceOrientationPortraitUpsideDown UIInterfaceOrientationLandscapeLeft UIInterfaceOrientationLandscapeRight";
				INFOPLIST_KEY_UISupportedInterfaceOrientations_iPhone = "UIInterfaceOrientationPortrait UIInterfaceOrientationLandscapeLeft UIInterfaceOrientationLandscapeRight";
				IPHONEOS_DEPLOYMENT_TARGET = 14.0;
				LD_RUNPATH_SEARCH_PATHS = (
					"$(inherited)",
					"@executable_path/Frameworks",
				);
				MARKETING_VERSION = 1.0;
				PRODUCT_BUNDLE_IDENTIFIER = "mike.fullstackswift.RxSwift-Redux";
				PRODUCT_NAME = "$(TARGET_NAME)";
				SWIFT_EMIT_LOC_STRINGS = YES;
				SWIFT_VERSION = 5.0;
				TARGETED_DEVICE_FAMILY = "1,2";
			};
			name = Release;
		};
/* End XCBuildConfiguration section */

/* Begin XCConfigurationList section */
		8741CBA627ACB80E00A40F7C /* Build configuration list for PBXProject "RxSwift+Redux" */ = {
			isa = XCConfigurationList;
			buildConfigurations = (
				8741CBB727ACB80F00A40F7C /* Debug */,
				8741CBB827ACB80F00A40F7C /* Release */,
			);
			defaultConfigurationIsVisible = 0;
			defaultConfigurationName = Release;
		};
		8741CBB927ACB80F00A40F7C /* Build configuration list for PBXNativeTarget "RxSwift+Redux" */ = {
			isa = XCConfigurationList;
			buildConfigurations = (
				8741CBBA27ACB80F00A40F7C /* Debug */,
				8741CBBB27ACB80F00A40F7C /* Release */,
			);
			defaultConfigurationIsVisible = 0;
			defaultConfigurationName = Release;
		};
/* End XCConfigurationList section */

/* Begin XCRemoteSwiftPackageReference section */
		872172A229C2B1FB00650C0E /* XCRemoteSwiftPackageReference "realm-swift" */ = {
			isa = XCRemoteSwiftPackageReference;
			repositoryURL = "https://github.com/realm/realm-swift.git";
			requirement = {
				kind = exactVersion;
				version = 10.37.0;
			};
		};
		87B4D87A29E7DE6B00CBDE1F /* XCRemoteSwiftPackageReference "swift-extension" */ = {
			isa = XCRemoteSwiftPackageReference;
			repositoryURL = "https://github.com/FullStack-Swift/swift-extension";
			requirement = {
				branch = main;
				kind = branch;
			};
		};
		87E2E63127ACB8C500AC3214 /* XCRemoteSwiftPackageReference "SwiftRex" */ = {
			isa = XCRemoteSwiftPackageReference;
			repositoryURL = "https://github.com/SwiftRex/SwiftRex.git";
			requirement = {
				kind = exactVersion;
				version = 0.8.11;
			};
		};
		87E2E6EB27ACBB0300AC3214 /* XCRemoteSwiftPackageReference "RxSwift" */ = {
			isa = XCRemoteSwiftPackageReference;
			repositoryURL = "https://github.com/ReactiveX/RxSwift.git";
			requirement = {
				kind = exactVersion;
				version = 6.5.0;
			};
		};
/* End XCRemoteSwiftPackageReference section */

/* Begin XCSwiftPackageProductDependency section */
		872172A329C2B1FB00650C0E /* Realm */ = {
			isa = XCSwiftPackageProductDependency;
			package = 872172A229C2B1FB00650C0E /* XCRemoteSwiftPackageReference "realm-swift" */;
			productName = Realm;
		};
		872172A529C2B1FB00650C0E /* RealmSwift */ = {
			isa = XCSwiftPackageProductDependency;
			package = 872172A229C2B1FB00650C0E /* XCRemoteSwiftPackageReference "realm-swift" */;
			productName = RealmSwift;
		};
		87B4D87B29E7DE6B00CBDE1F /* Transform */ = {
			isa = XCSwiftPackageProductDependency;
			package = 87B4D87A29E7DE6B00CBDE1F /* XCRemoteSwiftPackageReference "swift-extension" */;
			productName = Transform;
		};
		87E2E63227ACB8C500AC3214 /* RxSwiftRex */ = {
			isa = XCSwiftPackageProductDependency;
			package = 87E2E63127ACB8C500AC3214 /* XCRemoteSwiftPackageReference "SwiftRex" */;
			productName = RxSwiftRex;
		};
		87E2E6EC27ACBB0300AC3214 /* RxCocoa */ = {
			isa = XCSwiftPackageProductDependency;
			package = 87E2E6EB27ACBB0300AC3214 /* XCRemoteSwiftPackageReference "RxSwift" */;
			productName = RxCocoa;
		};
		87E2E6EE27ACBB0300AC3214 /* RxRelay */ = {
			isa = XCSwiftPackageProductDependency;
			package = 87E2E6EB27ACBB0300AC3214 /* XCRemoteSwiftPackageReference "RxSwift" */;
			productName = RxRelay;
		};
/* End XCSwiftPackageProductDependency section */
	};
	rootObject = 8741CBA327ACB80E00A40F7C /* Project object */;
}
