// !$*UTF8*$!
{
	archiveVersion = 1;
	classes = {
	};
	objectVersion = 55;
	objects = {

/* Begin PBXBuildFile section */
		8716CEAA27125D2800CE9F3C /* CombineRex in Frameworks */ = {isa = PBXBuildFile; productRef = 8716CEA927125D2800CE9F3C /* CombineRex */; };
		8716CEAC27125D2800CE9F3C /* AnyRequest in Frameworks */ = {isa = PBXBuildFile; productRef = 8716CEAB27125D2800CE9F3C /* AnyRequest */; };
		8716CEAE27125D2800CE9F3C /* Json in Frameworks */ = {isa = PBXBuildFile; productRef = 8716CEAD27125D2800CE9F3C /* Json */; };
		8716CEB027125D2800CE9F3C /* ConvertSwift in Frameworks */ = {isa = PBXBuildFile; productRef = 8716CEAF27125D2800CE9F3C /* ConvertSwift */; };
		87810BA6270BA0A7002B5CF9 /* CreateStore.swift in Sources */ = {isa = PBXBuildFile; fileRef = 87810BA5270BA0A7002B5CF9 /* CreateStore.swift */; };
		87810BA7270BA0A7002B5CF9 /* CreateStore.swift in Sources */ = {isa = PBXBuildFile; fileRef = 87810BA5270BA0A7002B5CF9 /* CreateStore.swift */; };
		87810BAA270BA81E002B5CF9 /* AnyRequest in Frameworks */ = {isa = PBXBuildFile; productRef = 87810BA9270BA81E002B5CF9 /* AnyRequest */; };
		87810BAD270BA82D002B5CF9 /* Json in Frameworks */ = {isa = PBXBuildFile; productRef = 87810BAC270BA82D002B5CF9 /* Json */; };
		87810BB0270BA874002B5CF9 /* ConvertSwift in Frameworks */ = {isa = PBXBuildFile; productRef = 87810BAF270BA874002B5CF9 /* ConvertSwift */; };
		878B2851270B4ABE006185E0 /* Todo_ReduxApp.swift in Sources */ = {isa = PBXBuildFile; fileRef = 878B2841270B4ABC006185E0 /* Todo_ReduxApp.swift */; };
		878B2852270B4ABE006185E0 /* Todo_ReduxApp.swift in Sources */ = {isa = PBXBuildFile; fileRef = 878B2841270B4ABC006185E0 /* Todo_ReduxApp.swift */; };
		878B2855270B4ABE006185E0 /* Assets.xcassets in Resources */ = {isa = PBXBuildFile; fileRef = 878B2843270B4ABD006185E0 /* Assets.xcassets */; };
		878B2856270B4ABE006185E0 /* Assets.xcassets in Resources */ = {isa = PBXBuildFile; fileRef = 878B2843270B4ABD006185E0 /* Assets.xcassets */; };
		878B28A8270B51C7006185E0 /* RootAction.swift in Sources */ = {isa = PBXBuildFile; fileRef = 878B28A3270B51C6006185E0 /* RootAction.swift */; };
		878B28A9270B51C7006185E0 /* RootAction.swift in Sources */ = {isa = PBXBuildFile; fileRef = 878B28A3270B51C6006185E0 /* RootAction.swift */; };
		878B28AA270B51C7006185E0 /* RootView.swift in Sources */ = {isa = PBXBuildFile; fileRef = 878B28A4270B51C6006185E0 /* RootView.swift */; };
		878B28AB270B51C7006185E0 /* RootView.swift in Sources */ = {isa = PBXBuildFile; fileRef = 878B28A4270B51C6006185E0 /* RootView.swift */; };
		878B28AC270B51C7006185E0 /* RootState.swift in Sources */ = {isa = PBXBuildFile; fileRef = 878B28A5270B51C6006185E0 /* RootState.swift */; };
		878B28AD270B51C7006185E0 /* RootState.swift in Sources */ = {isa = PBXBuildFile; fileRef = 878B28A5270B51C6006185E0 /* RootState.swift */; };
		878B28AE270B51C7006185E0 /* RootReducer.swift in Sources */ = {isa = PBXBuildFile; fileRef = 878B28A6270B51C6006185E0 /* RootReducer.swift */; };
		878B28AF270B51C7006185E0 /* RootReducer.swift in Sources */ = {isa = PBXBuildFile; fileRef = 878B28A6270B51C6006185E0 /* RootReducer.swift */; };
		878B28B0270B51C7006185E0 /* RootMiddleware.swift in Sources */ = {isa = PBXBuildFile; fileRef = 878B28A7270B51C6006185E0 /* RootMiddleware.swift */; };
		878B28B1270B51C7006185E0 /* RootMiddleware.swift in Sources */ = {isa = PBXBuildFile; fileRef = 878B28A7270B51C6006185E0 /* RootMiddleware.swift */; };
		878B28B8270B51D0006185E0 /* CounterMiddleware.swift in Sources */ = {isa = PBXBuildFile; fileRef = 878B28B3270B51D0006185E0 /* CounterMiddleware.swift */; };
		878B28B9270B51D0006185E0 /* CounterMiddleware.swift in Sources */ = {isa = PBXBuildFile; fileRef = 878B28B3270B51D0006185E0 /* CounterMiddleware.swift */; };
		878B28BA270B51D0006185E0 /* CounterReducer.swift in Sources */ = {isa = PBXBuildFile; fileRef = 878B28B4270B51D0006185E0 /* CounterReducer.swift */; };
		878B28BB270B51D0006185E0 /* CounterReducer.swift in Sources */ = {isa = PBXBuildFile; fileRef = 878B28B4270B51D0006185E0 /* CounterReducer.swift */; };
		878B28BC270B51D0006185E0 /* CounterState.swift in Sources */ = {isa = PBXBuildFile; fileRef = 878B28B5270B51D0006185E0 /* CounterState.swift */; };
		878B28BD270B51D0006185E0 /* CounterState.swift in Sources */ = {isa = PBXBuildFile; fileRef = 878B28B5270B51D0006185E0 /* CounterState.swift */; };
		878B28BE270B51D0006185E0 /* CounterView.swift in Sources */ = {isa = PBXBuildFile; fileRef = 878B28B6270B51D0006185E0 /* CounterView.swift */; };
		878B28BF270B51D0006185E0 /* CounterView.swift in Sources */ = {isa = PBXBuildFile; fileRef = 878B28B6270B51D0006185E0 /* CounterView.swift */; };
		878B28C0270B51D0006185E0 /* CounterAction.swift in Sources */ = {isa = PBXBuildFile; fileRef = 878B28B7270B51D0006185E0 /* CounterAction.swift */; };
		878B28C1270B51D0006185E0 /* CounterAction.swift in Sources */ = {isa = PBXBuildFile; fileRef = 878B28B7270B51D0006185E0 /* CounterAction.swift */; };
		878B28C8270B51D7006185E0 /* MainReducer.swift in Sources */ = {isa = PBXBuildFile; fileRef = 878B28C3270B51D7006185E0 /* MainReducer.swift */; };
		878B28C9270B51D7006185E0 /* MainReducer.swift in Sources */ = {isa = PBXBuildFile; fileRef = 878B28C3270B51D7006185E0 /* MainReducer.swift */; };
		878B28CA270B51D7006185E0 /* MainState.swift in Sources */ = {isa = PBXBuildFile; fileRef = 878B28C4270B51D7006185E0 /* MainState.swift */; };
		878B28CB270B51D7006185E0 /* MainState.swift in Sources */ = {isa = PBXBuildFile; fileRef = 878B28C4270B51D7006185E0 /* MainState.swift */; };
		878B28CC270B51D7006185E0 /* MainMiddleware.swift in Sources */ = {isa = PBXBuildFile; fileRef = 878B28C5270B51D7006185E0 /* MainMiddleware.swift */; };
		878B28CD270B51D7006185E0 /* MainMiddleware.swift in Sources */ = {isa = PBXBuildFile; fileRef = 878B28C5270B51D7006185E0 /* MainMiddleware.swift */; };
		878B28CE270B51D7006185E0 /* MainView.swift in Sources */ = {isa = PBXBuildFile; fileRef = 878B28C6270B51D7006185E0 /* MainView.swift */; };
		878B28CF270B51D7006185E0 /* MainView.swift in Sources */ = {isa = PBXBuildFile; fileRef = 878B28C6270B51D7006185E0 /* MainView.swift */; };
		878B28D0270B51D7006185E0 /* MainAction.swift in Sources */ = {isa = PBXBuildFile; fileRef = 878B28C7270B51D7006185E0 /* MainAction.swift */; };
		878B28D1270B51D7006185E0 /* MainAction.swift in Sources */ = {isa = PBXBuildFile; fileRef = 878B28C7270B51D7006185E0 /* MainAction.swift */; };
		878B28E1270B6301006185E0 /* CombineRex in Frameworks */ = {isa = PBXBuildFile; productRef = 878B28E0270B6301006185E0 /* CombineRex */; };
		878B28E7270B64D4006185E0 /* AuthView.swift in Sources */ = {isa = PBXBuildFile; fileRef = 878B28E6270B64D4006185E0 /* AuthView.swift */; };
		878B28E8270B64D4006185E0 /* AuthView.swift in Sources */ = {isa = PBXBuildFile; fileRef = 878B28E6270B64D4006185E0 /* AuthView.swift */; };
		878B28EA270B64EF006185E0 /* AuthState.swift in Sources */ = {isa = PBXBuildFile; fileRef = 878B28E9270B64EF006185E0 /* AuthState.swift */; };
		878B28EB270B64EF006185E0 /* AuthState.swift in Sources */ = {isa = PBXBuildFile; fileRef = 878B28E9270B64EF006185E0 /* AuthState.swift */; };
		878B28ED270B64F6006185E0 /* AuthAction.swift in Sources */ = {isa = PBXBuildFile; fileRef = 878B28EC270B64F6006185E0 /* AuthAction.swift */; };
		878B28EE270B64F6006185E0 /* AuthAction.swift in Sources */ = {isa = PBXBuildFile; fileRef = 878B28EC270B64F6006185E0 /* AuthAction.swift */; };
		878B28F0270B6506006185E0 /* AuthReducer.swift in Sources */ = {isa = PBXBuildFile; fileRef = 878B28EF270B6506006185E0 /* AuthReducer.swift */; };
		878B28F1270B6506006185E0 /* AuthReducer.swift in Sources */ = {isa = PBXBuildFile; fileRef = 878B28EF270B6506006185E0 /* AuthReducer.swift */; };
		878B28F3270B6513006185E0 /* AuthMiddleware.swift in Sources */ = {isa = PBXBuildFile; fileRef = 878B28F2270B6513006185E0 /* AuthMiddleware.swift */; };
		878B28F4270B6513006185E0 /* AuthMiddleware.swift in Sources */ = {isa = PBXBuildFile; fileRef = 878B28F2270B6513006185E0 /* AuthMiddleware.swift */; };
		878B28F6270B740E006185E0 /* TodoModel.swift in Sources */ = {isa = PBXBuildFile; fileRef = 878B28F5270B740E006185E0 /* TodoModel.swift */; };
		878B28F7270B740E006185E0 /* TodoModel.swift in Sources */ = {isa = PBXBuildFile; fileRef = 878B28F5270B740E006185E0 /* TodoModel.swift */; };
		878D6683270C4EBC00A3C5E6 /* ViewStore.swift in Sources */ = {isa = PBXBuildFile; fileRef = 878D6682270C4EBC00A3C5E6 /* ViewStore.swift */; };
		878D6684270C4EBC00A3C5E6 /* ViewStore.swift in Sources */ = {isa = PBXBuildFile; fileRef = 878D6682270C4EBC00A3C5E6 /* ViewStore.swift */; };
/* End PBXBuildFile section */

/* Begin PBXCopyFilesBuildPhase section */
		878B28D8270B52E8006185E0 /* Embed Frameworks */ = {
			isa = PBXCopyFilesBuildPhase;
			buildActionMask = 2147483647;
			dstPath = "";
			dstSubfolderSpec = 10;
			files = (
			);
			name = "Embed Frameworks";
			runOnlyForDeploymentPostprocessing = 0;
		};
		878B28DF270B62F0006185E0 /* Embed Frameworks */ = {
			isa = PBXCopyFilesBuildPhase;
			buildActionMask = 2147483647;
			dstPath = "";
			dstSubfolderSpec = 10;
			files = (
			);
			name = "Embed Frameworks";
			runOnlyForDeploymentPostprocessing = 0;
		};
/* End PBXCopyFilesBuildPhase section */

/* Begin PBXFileReference section */
		87810BA5270BA0A7002B5CF9 /* CreateStore.swift */ = {isa = PBXFileReference; lastKnownFileType = sourcecode.swift; path = CreateStore.swift; sourceTree = "<group>"; };
		878B2841270B4ABC006185E0 /* Todo_ReduxApp.swift */ = {isa = PBXFileReference; lastKnownFileType = sourcecode.swift; path = Todo_ReduxApp.swift; sourceTree = "<group>"; };
		878B2843270B4ABD006185E0 /* Assets.xcassets */ = {isa = PBXFileReference; lastKnownFileType = folder.assetcatalog; path = Assets.xcassets; sourceTree = "<group>"; };
		878B2848270B4ABE006185E0 /* Todo-Redux.app */ = {isa = PBXFileReference; explicitFileType = wrapper.application; includeInIndex = 0; path = "Todo-Redux.app"; sourceTree = BUILT_PRODUCTS_DIR; };
		878B284E270B4ABE006185E0 /* Todo-Redux.app */ = {isa = PBXFileReference; explicitFileType = wrapper.application; includeInIndex = 0; path = "Todo-Redux.app"; sourceTree = BUILT_PRODUCTS_DIR; };
		878B2850270B4ABE006185E0 /* macOS.entitlements */ = {isa = PBXFileReference; lastKnownFileType = text.plist.entitlements; path = macOS.entitlements; sourceTree = "<group>"; };
		878B28A3270B51C6006185E0 /* RootAction.swift */ = {isa = PBXFileReference; fileEncoding = 4; lastKnownFileType = sourcecode.swift; path = RootAction.swift; sourceTree = "<group>"; };
		878B28A4270B51C6006185E0 /* RootView.swift */ = {isa = PBXFileReference; fileEncoding = 4; lastKnownFileType = sourcecode.swift; path = RootView.swift; sourceTree = "<group>"; };
		878B28A5270B51C6006185E0 /* RootState.swift */ = {isa = PBXFileReference; fileEncoding = 4; lastKnownFileType = sourcecode.swift; path = RootState.swift; sourceTree = "<group>"; };
		878B28A6270B51C6006185E0 /* RootReducer.swift */ = {isa = PBXFileReference; fileEncoding = 4; lastKnownFileType = sourcecode.swift; path = RootReducer.swift; sourceTree = "<group>"; };
		878B28A7270B51C6006185E0 /* RootMiddleware.swift */ = {isa = PBXFileReference; fileEncoding = 4; lastKnownFileType = sourcecode.swift; path = RootMiddleware.swift; sourceTree = "<group>"; };
		878B28B3270B51D0006185E0 /* CounterMiddleware.swift */ = {isa = PBXFileReference; fileEncoding = 4; lastKnownFileType = sourcecode.swift; path = CounterMiddleware.swift; sourceTree = "<group>"; };
		878B28B4270B51D0006185E0 /* CounterReducer.swift */ = {isa = PBXFileReference; fileEncoding = 4; lastKnownFileType = sourcecode.swift; path = CounterReducer.swift; sourceTree = "<group>"; };
		878B28B5270B51D0006185E0 /* CounterState.swift */ = {isa = PBXFileReference; fileEncoding = 4; lastKnownFileType = sourcecode.swift; path = CounterState.swift; sourceTree = "<group>"; };
		878B28B6270B51D0006185E0 /* CounterView.swift */ = {isa = PBXFileReference; fileEncoding = 4; lastKnownFileType = sourcecode.swift; path = CounterView.swift; sourceTree = "<group>"; };
		878B28B7270B51D0006185E0 /* CounterAction.swift */ = {isa = PBXFileReference; fileEncoding = 4; lastKnownFileType = sourcecode.swift; path = CounterAction.swift; sourceTree = "<group>"; };
		878B28C3270B51D7006185E0 /* MainReducer.swift */ = {isa = PBXFileReference; fileEncoding = 4; lastKnownFileType = sourcecode.swift; path = MainReducer.swift; sourceTree = "<group>"; };
		878B28C4270B51D7006185E0 /* MainState.swift */ = {isa = PBXFileReference; fileEncoding = 4; lastKnownFileType = sourcecode.swift; path = MainState.swift; sourceTree = "<group>"; };
		878B28C5270B51D7006185E0 /* MainMiddleware.swift */ = {isa = PBXFileReference; fileEncoding = 4; lastKnownFileType = sourcecode.swift; path = MainMiddleware.swift; sourceTree = "<group>"; };
		878B28C6270B51D7006185E0 /* MainView.swift */ = {isa = PBXFileReference; fileEncoding = 4; lastKnownFileType = sourcecode.swift; path = MainView.swift; sourceTree = "<group>"; };
		878B28C7270B51D7006185E0 /* MainAction.swift */ = {isa = PBXFileReference; fileEncoding = 4; lastKnownFileType = sourcecode.swift; path = MainAction.swift; sourceTree = "<group>"; };
		878B28E6270B64D4006185E0 /* AuthView.swift */ = {isa = PBXFileReference; lastKnownFileType = sourcecode.swift; path = AuthView.swift; sourceTree = "<group>"; };
		878B28E9270B64EF006185E0 /* AuthState.swift */ = {isa = PBXFileReference; lastKnownFileType = sourcecode.swift; path = AuthState.swift; sourceTree = "<group>"; };
		878B28EC270B64F6006185E0 /* AuthAction.swift */ = {isa = PBXFileReference; lastKnownFileType = sourcecode.swift; path = AuthAction.swift; sourceTree = "<group>"; };
		878B28EF270B6506006185E0 /* AuthReducer.swift */ = {isa = PBXFileReference; lastKnownFileType = sourcecode.swift; path = AuthReducer.swift; sourceTree = "<group>"; };
		878B28F2270B6513006185E0 /* AuthMiddleware.swift */ = {isa = PBXFileReference; lastKnownFileType = sourcecode.swift; path = AuthMiddleware.swift; sourceTree = "<group>"; };
		878B28F5270B740E006185E0 /* TodoModel.swift */ = {isa = PBXFileReference; lastKnownFileType = sourcecode.swift; path = TodoModel.swift; sourceTree = "<group>"; };
		878D6682270C4EBC00A3C5E6 /* ViewStore.swift */ = {isa = PBXFileReference; lastKnownFileType = sourcecode.swift; path = ViewStore.swift; sourceTree = "<group>"; };
/* End PBXFileReference section */

/* Begin PBXFrameworksBuildPhase section */
		878B2845270B4ABD006185E0 /* Frameworks */ = {
			isa = PBXFrameworksBuildPhase;
			buildActionMask = 2147483647;
			files = (
				878B28E1270B6301006185E0 /* CombineRex in Frameworks */,
				87810BAA270BA81E002B5CF9 /* AnyRequest in Frameworks */,
				87810BB0270BA874002B5CF9 /* ConvertSwift in Frameworks */,
				87810BAD270BA82D002B5CF9 /* Json in Frameworks */,
			);
			runOnlyForDeploymentPostprocessing = 0;
		};
		878B284B270B4ABE006185E0 /* Frameworks */ = {
			isa = PBXFrameworksBuildPhase;
			buildActionMask = 2147483647;
			files = (
				8716CEAA27125D2800CE9F3C /* CombineRex in Frameworks */,
				8716CEAC27125D2800CE9F3C /* AnyRequest in Frameworks */,
				8716CEB027125D2800CE9F3C /* ConvertSwift in Frameworks */,
				8716CEAE27125D2800CE9F3C /* Json in Frameworks */,
			);
			runOnlyForDeploymentPostprocessing = 0;
		};
/* End PBXFrameworksBuildPhase section */

/* Begin PBXGroup section */
		8743E9DA2710D76300CB36A6 /* Redux+ */ = {
			isa = PBXGroup;
			children = (
				878D6682270C4EBC00A3C5E6 /* ViewStore.swift */,
			);
			path = "Redux+";
			sourceTree = "<group>";
		};
		878B283B270B4ABC006185E0 = {
			isa = PBXGroup;
			children = (
				878B2840270B4ABC006185E0 /* Shared */,
				878B284F270B4ABE006185E0 /* macOS */,
				878B2849270B4ABE006185E0 /* Products */,
				878B28D2270B52E8006185E0 /* Frameworks */,
			);
			sourceTree = "<group>";
		};
		878B2840270B4ABC006185E0 /* Shared */ = {
			isa = PBXGroup;
			children = (
				8743E9DA2710D76300CB36A6 /* Redux+ */,
				878B28F8270B744E006185E0 /* Models */,
				878B28E5270B6452006185E0 /* AuthScreen */,
				878B28C2270B51D7006185E0 /* MainScreen */,
				878B28B2270B51D0006185E0 /* CounterScreen */,
				878B28A2270B51C6006185E0 /* RootScreen */,
				878B2841270B4ABC006185E0 /* Todo_ReduxApp.swift */,
				87810BA5270BA0A7002B5CF9 /* CreateStore.swift */,
				878B2843270B4ABD006185E0 /* Assets.xcassets */,
			);
			path = Shared;
			sourceTree = "<group>";
		};
		878B2849270B4ABE006185E0 /* Products */ = {
			isa = PBXGroup;
			children = (
				878B2848270B4ABE006185E0 /* Todo-Redux.app */,
				878B284E270B4ABE006185E0 /* Todo-Redux.app */,
			);
			name = Products;
			sourceTree = "<group>";
		};
		878B284F270B4ABE006185E0 /* macOS */ = {
			isa = PBXGroup;
			children = (
				878B2850270B4ABE006185E0 /* macOS.entitlements */,
			);
			path = macOS;
			sourceTree = "<group>";
		};
		878B28A2270B51C6006185E0 /* RootScreen */ = {
			isa = PBXGroup;
			children = (
				878B28A4270B51C6006185E0 /* RootView.swift */,
				878B28A5270B51C6006185E0 /* RootState.swift */,
				878B28A3270B51C6006185E0 /* RootAction.swift */,
				878B28A6270B51C6006185E0 /* RootReducer.swift */,
				878B28A7270B51C6006185E0 /* RootMiddleware.swift */,
			);
			path = RootScreen;
			sourceTree = "<group>";
		};
		878B28B2270B51D0006185E0 /* CounterScreen */ = {
			isa = PBXGroup;
			children = (
				878B28B6270B51D0006185E0 /* CounterView.swift */,
				878B28B5270B51D0006185E0 /* CounterState.swift */,
				878B28B7270B51D0006185E0 /* CounterAction.swift */,
				878B28B4270B51D0006185E0 /* CounterReducer.swift */,
				878B28B3270B51D0006185E0 /* CounterMiddleware.swift */,
			);
			path = CounterScreen;
			sourceTree = "<group>";
		};
		878B28C2270B51D7006185E0 /* MainScreen */ = {
			isa = PBXGroup;
			children = (
				878B28C6270B51D7006185E0 /* MainView.swift */,
				878B28C4270B51D7006185E0 /* MainState.swift */,
				878B28C7270B51D7006185E0 /* MainAction.swift */,
				878B28C3270B51D7006185E0 /* MainReducer.swift */,
				878B28C5270B51D7006185E0 /* MainMiddleware.swift */,
			);
			path = MainScreen;
			sourceTree = "<group>";
		};
		878B28D2270B52E8006185E0 /* Frameworks */ = {
			isa = PBXGroup;
			children = (
			);
			name = Frameworks;
			sourceTree = "<group>";
		};
		878B28E5270B6452006185E0 /* AuthScreen */ = {
			isa = PBXGroup;
			children = (
				878B28E6270B64D4006185E0 /* AuthView.swift */,
				878B28E9270B64EF006185E0 /* AuthState.swift */,
				878B28EC270B64F6006185E0 /* AuthAction.swift */,
				878B28EF270B6506006185E0 /* AuthReducer.swift */,
				878B28F2270B6513006185E0 /* AuthMiddleware.swift */,
			);
			path = AuthScreen;
			sourceTree = "<group>";
		};
		878B28F8270B744E006185E0 /* Models */ = {
			isa = PBXGroup;
			children = (
				878B28F5270B740E006185E0 /* TodoModel.swift */,
			);
			path = Models;
			sourceTree = "<group>";
		};
/* End PBXGroup section */

/* Begin PBXNativeTarget section */
		878B2847270B4ABD006185E0 /* Todo-Redux (iOS) */ = {
			isa = PBXNativeTarget;
			buildConfigurationList = 878B2859270B4ABE006185E0 /* Build configuration list for PBXNativeTarget "Todo-Redux (iOS)" */;
			buildPhases = (
				878B2844270B4ABD006185E0 /* Sources */,
				878B2845270B4ABD006185E0 /* Frameworks */,
				878B2846270B4ABD006185E0 /* Resources */,
				878B28DF270B62F0006185E0 /* Embed Frameworks */,
			);
			buildRules = (
			);
			dependencies = (
			);
			name = "Todo-Redux (iOS)";
			packageProductDependencies = (
				878B28E0270B6301006185E0 /* CombineRex */,
				87810BA9270BA81E002B5CF9 /* AnyRequest */,
				87810BAC270BA82D002B5CF9 /* Json */,
				87810BAF270BA874002B5CF9 /* ConvertSwift */,
			);
			productName = "Todo-Redux (iOS)";
			productReference = 878B2848270B4ABE006185E0 /* Todo-Redux.app */;
			productType = "com.apple.product-type.application";
		};
		878B284D270B4ABE006185E0 /* Todo-Redux (macOS) */ = {
			isa = PBXNativeTarget;
			buildConfigurationList = 878B285C270B4ABE006185E0 /* Build configuration list for PBXNativeTarget "Todo-Redux (macOS)" */;
			buildPhases = (
				878B284A270B4ABE006185E0 /* Sources */,
				878B284B270B4ABE006185E0 /* Frameworks */,
				878B284C270B4ABE006185E0 /* Resources */,
				878B28D8270B52E8006185E0 /* Embed Frameworks */,
			);
			buildRules = (
			);
			dependencies = (
			);
			name = "Todo-Redux (macOS)";
			packageProductDependencies = (
				8716CEA927125D2800CE9F3C /* CombineRex */,
				8716CEAB27125D2800CE9F3C /* AnyRequest */,
				8716CEAD27125D2800CE9F3C /* Json */,
				8716CEAF27125D2800CE9F3C /* ConvertSwift */,
			);
			productName = "Todo-Redux (macOS)";
			productReference = 878B284E270B4ABE006185E0 /* Todo-Redux.app */;
			productType = "com.apple.product-type.application";
		};
/* End PBXNativeTarget section */

/* Begin PBXProject section */
		878B283C270B4ABC006185E0 /* Project object */ = {
			isa = PBXProject;
			attributes = {
				BuildIndependentTargetsInParallel = 1;
				LastSwiftUpdateCheck = 1300;
				LastUpgradeCheck = 1300;
				TargetAttributes = {
					878B2847270B4ABD006185E0 = {
						CreatedOnToolsVersion = 13.0;
					};
					878B284D270B4ABE006185E0 = {
						CreatedOnToolsVersion = 13.0;
					};
				};
			};
			buildConfigurationList = 878B283F270B4ABC006185E0 /* Build configuration list for PBXProject "Todo-Redux" */;
			compatibilityVersion = "Xcode 13.0";
			developmentRegion = en;
			hasScannedForEncodings = 0;
			knownRegions = (
				en,
				Base,
			);
			mainGroup = 878B283B270B4ABC006185E0;
			packageReferences = (
				878B28D9270B6250006185E0 /* XCRemoteSwiftPackageReference "SwiftRex" */,
				87810BA8270BA81E002B5CF9 /* XCRemoteSwiftPackageReference "AnyRequest" */,
				87810BAB270BA82D002B5CF9 /* XCRemoteSwiftPackageReference "Json" */,
				87810BAE270BA874002B5CF9 /* XCRemoteSwiftPackageReference "SwiftConvert" */,
			);
			productRefGroup = 878B2849270B4ABE006185E0 /* Products */;
			projectDirPath = "";
			projectRoot = "";
			targets = (
				878B2847270B4ABD006185E0 /* Todo-Redux (iOS) */,
				878B284D270B4ABE006185E0 /* Todo-Redux (macOS) */,
			);
		};
/* End PBXProject section */

/* Begin PBXResourcesBuildPhase section */
		878B2846270B4ABD006185E0 /* Resources */ = {
			isa = PBXResourcesBuildPhase;
			buildActionMask = 2147483647;
			files = (
				878B2855270B4ABE006185E0 /* Assets.xcassets in Resources */,
			);
			runOnlyForDeploymentPostprocessing = 0;
		};
		878B284C270B4ABE006185E0 /* Resources */ = {
			isa = PBXResourcesBuildPhase;
			buildActionMask = 2147483647;
			files = (
				878B2856270B4ABE006185E0 /* Assets.xcassets in Resources */,
			);
			runOnlyForDeploymentPostprocessing = 0;
		};
/* End PBXResourcesBuildPhase section */

/* Begin PBXSourcesBuildPhase section */
		878B2844270B4ABD006185E0 /* Sources */ = {
			isa = PBXSourcesBuildPhase;
			buildActionMask = 2147483647;
			files = (
				878B28D0270B51D7006185E0 /* MainAction.swift in Sources */,
				878B28EA270B64EF006185E0 /* AuthState.swift in Sources */,
				878D6683270C4EBC00A3C5E6 /* ViewStore.swift in Sources */,
				878B28CC270B51D7006185E0 /* MainMiddleware.swift in Sources */,
				878B28F6270B740E006185E0 /* TodoModel.swift in Sources */,
				878B28CA270B51D7006185E0 /* MainState.swift in Sources */,
				878B28C0270B51D0006185E0 /* CounterAction.swift in Sources */,
				878B28C8270B51D7006185E0 /* MainReducer.swift in Sources */,
				878B28B8270B51D0006185E0 /* CounterMiddleware.swift in Sources */,
				878B28AC270B51C7006185E0 /* RootState.swift in Sources */,
				878B28AA270B51C7006185E0 /* RootView.swift in Sources */,
				87810BA6270BA0A7002B5CF9 /* CreateStore.swift in Sources */,
				878B28A8270B51C7006185E0 /* RootAction.swift in Sources */,
				878B28CE270B51D7006185E0 /* MainView.swift in Sources */,
				878B28AE270B51C7006185E0 /* RootReducer.swift in Sources */,
				878B28BE270B51D0006185E0 /* CounterView.swift in Sources */,
				878B28F3270B6513006185E0 /* AuthMiddleware.swift in Sources */,
				878B28BC270B51D0006185E0 /* CounterState.swift in Sources */,
				878B28ED270B64F6006185E0 /* AuthAction.swift in Sources */,
				878B2851270B4ABE006185E0 /* Todo_ReduxApp.swift in Sources */,
				878B28F0270B6506006185E0 /* AuthReducer.swift in Sources */,
				878B28E7270B64D4006185E0 /* AuthView.swift in Sources */,
				878B28B0270B51C7006185E0 /* RootMiddleware.swift in Sources */,
				878B28BA270B51D0006185E0 /* CounterReducer.swift in Sources */,
			);
			runOnlyForDeploymentPostprocessing = 0;
		};
		878B284A270B4ABE006185E0 /* Sources */ = {
			isa = PBXSourcesBuildPhase;
			buildActionMask = 2147483647;
			files = (
				878B28D1270B51D7006185E0 /* MainAction.swift in Sources */,
				878B28EB270B64EF006185E0 /* AuthState.swift in Sources */,
				878D6684270C4EBC00A3C5E6 /* ViewStore.swift in Sources */,
				878B28CD270B51D7006185E0 /* MainMiddleware.swift in Sources */,
				878B28F7270B740E006185E0 /* TodoModel.swift in Sources */,
				878B28CB270B51D7006185E0 /* MainState.swift in Sources */,
				878B28C1270B51D0006185E0 /* CounterAction.swift in Sources */,
				878B28C9270B51D7006185E0 /* MainReducer.swift in Sources */,
				878B28B9270B51D0006185E0 /* CounterMiddleware.swift in Sources */,
				878B28AD270B51C7006185E0 /* RootState.swift in Sources */,
				878B28AB270B51C7006185E0 /* RootView.swift in Sources */,
				87810BA7270BA0A7002B5CF9 /* CreateStore.swift in Sources */,
				878B28A9270B51C7006185E0 /* RootAction.swift in Sources */,
				878B28CF270B51D7006185E0 /* MainView.swift in Sources */,
				878B28AF270B51C7006185E0 /* RootReducer.swift in Sources */,
				878B28BF270B51D0006185E0 /* CounterView.swift in Sources */,
				878B28F4270B6513006185E0 /* AuthMiddleware.swift in Sources */,
				878B28BD270B51D0006185E0 /* CounterState.swift in Sources */,
				878B28EE270B64F6006185E0 /* AuthAction.swift in Sources */,
				878B2852270B4ABE006185E0 /* Todo_ReduxApp.swift in Sources */,
				878B28F1270B6506006185E0 /* AuthReducer.swift in Sources */,
				878B28E8270B64D4006185E0 /* AuthView.swift in Sources */,
				878B28B1270B51C7006185E0 /* RootMiddleware.swift in Sources */,
				878B28BB270B51D0006185E0 /* CounterReducer.swift in Sources */,
			);
			runOnlyForDeploymentPostprocessing = 0;
		};
/* End PBXSourcesBuildPhase section */

/* Begin XCBuildConfiguration section */
		878B2857270B4ABE006185E0 /* Debug */ = {
			isa = XCBuildConfiguration;
			buildSettings = {
				ALWAYS_SEARCH_USER_PATHS = NO;
				CLANG_ANALYZER_NONNULL = YES;
				CLANG_ANALYZER_NUMBER_OBJECT_CONVERSION = YES_AGGRESSIVE;
				CLANG_CXX_LANGUAGE_STANDARD = "gnu++17";
				CLANG_CXX_LIBRARY = "libc++";
				CLANG_ENABLE_MODULES = YES;
				CLANG_ENABLE_OBJC_ARC = YES;
				CLANG_ENABLE_OBJC_WEAK = YES;
				CLANG_WARN_BLOCK_CAPTURE_AUTORELEASING = YES;
				CLANG_WARN_BOOL_CONVERSION = YES;
				CLANG_WARN_COMMA = YES;
				CLANG_WARN_CONSTANT_CONVERSION = YES;
				CLANG_WARN_DEPRECATED_OBJC_IMPLEMENTATIONS = YES;
				CLANG_WARN_DIRECT_OBJC_ISA_USAGE = YES_ERROR;
				CLANG_WARN_DOCUMENTATION_COMMENTS = YES;
				CLANG_WARN_EMPTY_BODY = YES;
				CLANG_WARN_ENUM_CONVERSION = YES;
				CLANG_WARN_INFINITE_RECURSION = YES;
				CLANG_WARN_INT_CONVERSION = YES;
				CLANG_WARN_NON_LITERAL_NULL_CONVERSION = YES;
				CLANG_WARN_OBJC_IMPLICIT_RETAIN_SELF = YES;
				CLANG_WARN_OBJC_LITERAL_CONVERSION = YES;
				CLANG_WARN_OBJC_ROOT_CLASS = YES_ERROR;
				CLANG_WARN_QUOTED_INCLUDE_IN_FRAMEWORK_HEADER = YES;
				CLANG_WARN_RANGE_LOOP_ANALYSIS = YES;
				CLANG_WARN_STRICT_PROTOTYPES = YES;
				CLANG_WARN_SUSPICIOUS_MOVE = YES;
				CLANG_WARN_UNGUARDED_AVAILABILITY = YES_AGGRESSIVE;
				CLANG_WARN_UNREACHABLE_CODE = YES;
				CLANG_WARN__DUPLICATE_METHOD_MATCH = YES;
				COPY_PHASE_STRIP = NO;
				DEBUG_INFORMATION_FORMAT = dwarf;
				ENABLE_STRICT_OBJC_MSGSEND = YES;
				ENABLE_TESTABILITY = YES;
				GCC_C_LANGUAGE_STANDARD = gnu11;
				GCC_DYNAMIC_NO_PIC = NO;
				GCC_NO_COMMON_BLOCKS = YES;
				GCC_OPTIMIZATION_LEVEL = 0;
				GCC_PREPROCESSOR_DEFINITIONS = (
					"DEBUG=1",
					"$(inherited)",
				);
				GCC_WARN_64_TO_32_BIT_CONVERSION = YES;
				GCC_WARN_ABOUT_RETURN_TYPE = YES_ERROR;
				GCC_WARN_UNDECLARED_SELECTOR = YES;
				GCC_WARN_UNINITIALIZED_AUTOS = YES_AGGRESSIVE;
				GCC_WARN_UNUSED_FUNCTION = YES;
				GCC_WARN_UNUSED_VARIABLE = YES;
				MTL_ENABLE_DEBUG_INFO = INCLUDE_SOURCE;
				MTL_FAST_MATH = YES;
				ONLY_ACTIVE_ARCH = YES;
				SWIFT_ACTIVE_COMPILATION_CONDITIONS = DEBUG;
				SWIFT_OPTIMIZATION_LEVEL = "-Onone";
			};
			name = Debug;
		};
		878B2858270B4ABE006185E0 /* Release */ = {
			isa = XCBuildConfiguration;
			buildSettings = {
				ALWAYS_SEARCH_USER_PATHS = NO;
				CLANG_ANALYZER_NONNULL = YES;
				CLANG_ANALYZER_NUMBER_OBJECT_CONVERSION = YES_AGGRESSIVE;
				CLANG_CXX_LANGUAGE_STANDARD = "gnu++17";
				CLANG_CXX_LIBRARY = "libc++";
				CLANG_ENABLE_MODULES = YES;
				CLANG_ENABLE_OBJC_ARC = YES;
				CLANG_ENABLE_OBJC_WEAK = YES;
				CLANG_WARN_BLOCK_CAPTURE_AUTORELEASING = YES;
				CLANG_WARN_BOOL_CONVERSION = YES;
				CLANG_WARN_COMMA = YES;
				CLANG_WARN_CONSTANT_CONVERSION = YES;
				CLANG_WARN_DEPRECATED_OBJC_IMPLEMENTATIONS = YES;
				CLANG_WARN_DIRECT_OBJC_ISA_USAGE = YES_ERROR;
				CLANG_WARN_DOCUMENTATION_COMMENTS = YES;
				CLANG_WARN_EMPTY_BODY = YES;
				CLANG_WARN_ENUM_CONVERSION = YES;
				CLANG_WARN_INFINITE_RECURSION = YES;
				CLANG_WARN_INT_CONVERSION = YES;
				CLANG_WARN_NON_LITERAL_NULL_CONVERSION = YES;
				CLANG_WARN_OBJC_IMPLICIT_RETAIN_SELF = YES;
				CLANG_WARN_OBJC_LITERAL_CONVERSION = YES;
				CLANG_WARN_OBJC_ROOT_CLASS = YES_ERROR;
				CLANG_WARN_QUOTED_INCLUDE_IN_FRAMEWORK_HEADER = YES;
				CLANG_WARN_RANGE_LOOP_ANALYSIS = YES;
				CLANG_WARN_STRICT_PROTOTYPES = YES;
				CLANG_WARN_SUSPICIOUS_MOVE = YES;
				CLANG_WARN_UNGUARDED_AVAILABILITY = YES_AGGRESSIVE;
				CLANG_WARN_UNREACHABLE_CODE = YES;
				CLANG_WARN__DUPLICATE_METHOD_MATCH = YES;
				COPY_PHASE_STRIP = NO;
				DEBUG_INFORMATION_FORMAT = "dwarf-with-dsym";
				ENABLE_NS_ASSERTIONS = NO;
				ENABLE_STRICT_OBJC_MSGSEND = YES;
				GCC_C_LANGUAGE_STANDARD = gnu11;
				GCC_NO_COMMON_BLOCKS = YES;
				GCC_WARN_64_TO_32_BIT_CONVERSION = YES;
				GCC_WARN_ABOUT_RETURN_TYPE = YES_ERROR;
				GCC_WARN_UNDECLARED_SELECTOR = YES;
				GCC_WARN_UNINITIALIZED_AUTOS = YES_AGGRESSIVE;
				GCC_WARN_UNUSED_FUNCTION = YES;
				GCC_WARN_UNUSED_VARIABLE = YES;
				MTL_ENABLE_DEBUG_INFO = NO;
				MTL_FAST_MATH = YES;
				SWIFT_COMPILATION_MODE = wholemodule;
				SWIFT_OPTIMIZATION_LEVEL = "-O";
			};
			name = Release;
		};
		878B285A270B4ABE006185E0 /* Debug */ = {
			isa = XCBuildConfiguration;
			buildSettings = {
				ASSETCATALOG_COMPILER_APPICON_NAME = AppIcon;
				ASSETCATALOG_COMPILER_GLOBAL_ACCENT_COLOR_NAME = AccentColor;
				CODE_SIGN_STYLE = Automatic;
				CURRENT_PROJECT_VERSION = 1;
				DEVELOPMENT_TEAM = 2H5PN3F9B6;
				ENABLE_PREVIEWS = YES;
				GENERATE_INFOPLIST_FILE = YES;
				INFOPLIST_KEY_UIApplicationSceneManifest_Generation = YES;
				INFOPLIST_KEY_UIApplicationSupportsIndirectInputEvents = YES;
				INFOPLIST_KEY_UILaunchScreen_Generation = YES;
				INFOPLIST_KEY_UISupportedInterfaceOrientations_iPad = "UIInterfaceOrientationPortrait UIInterfaceOrientationPortraitUpsideDown UIInterfaceOrientationLandscapeLeft UIInterfaceOrientationLandscapeRight";
				INFOPLIST_KEY_UISupportedInterfaceOrientations_iPhone = "UIInterfaceOrientationPortrait UIInterfaceOrientationLandscapeLeft UIInterfaceOrientationLandscapeRight";
				IPHONEOS_DEPLOYMENT_TARGET = 14.0;
				LD_RUNPATH_SEARCH_PATHS = (
					"$(inherited)",
					"@executable_path/Frameworks",
				);
				MARKETING_VERSION = 1.0;
				PRODUCT_BUNDLE_IDENTIFIER = "mike.fullstackswift.Todo-Redux";
				PRODUCT_NAME = "Todo-Redux";
				SDKROOT = iphoneos;
				SWIFT_EMIT_LOC_STRINGS = YES;
				SWIFT_VERSION = 5.0;
				TARGETED_DEVICE_FAMILY = "1,2";
			};
			name = Debug;
		};
		878B285B270B4ABE006185E0 /* Release */ = {
			isa = XCBuildConfiguration;
			buildSettings = {
				ASSETCATALOG_COMPILER_APPICON_NAME = AppIcon;
				ASSETCATALOG_COMPILER_GLOBAL_ACCENT_COLOR_NAME = AccentColor;
				CODE_SIGN_STYLE = Automatic;
				CURRENT_PROJECT_VERSION = 1;
				DEVELOPMENT_TEAM = 2H5PN3F9B6;
				ENABLE_PREVIEWS = YES;
				GENERATE_INFOPLIST_FILE = YES;
				INFOPLIST_KEY_UIApplicationSceneManifest_Generation = YES;
				INFOPLIST_KEY_UIApplicationSupportsIndirectInputEvents = YES;
				INFOPLIST_KEY_UILaunchScreen_Generation = YES;
				INFOPLIST_KEY_UISupportedInterfaceOrientations_iPad = "UIInterfaceOrientationPortrait UIInterfaceOrientationPortraitUpsideDown UIInterfaceOrientationLandscapeLeft UIInterfaceOrientationLandscapeRight";
				INFOPLIST_KEY_UISupportedInterfaceOrientations_iPhone = "UIInterfaceOrientationPortrait UIInterfaceOrientationLandscapeLeft UIInterfaceOrientationLandscapeRight";
				IPHONEOS_DEPLOYMENT_TARGET = 14.0;
				LD_RUNPATH_SEARCH_PATHS = (
					"$(inherited)",
					"@executable_path/Frameworks",
				);
				MARKETING_VERSION = 1.0;
				PRODUCT_BUNDLE_IDENTIFIER = "mike.fullstackswift.Todo-Redux";
				PRODUCT_NAME = "Todo-Redux";
				SDKROOT = iphoneos;
				SWIFT_EMIT_LOC_STRINGS = YES;
				SWIFT_VERSION = 5.0;
				TARGETED_DEVICE_FAMILY = "1,2";
				VALIDATE_PRODUCT = YES;
			};
			name = Release;
		};
		878B285D270B4ABE006185E0 /* Debug */ = {
			isa = XCBuildConfiguration;
			buildSettings = {
				ASSETCATALOG_COMPILER_APPICON_NAME = AppIcon;
				ASSETCATALOG_COMPILER_GLOBAL_ACCENT_COLOR_NAME = AccentColor;
				CODE_SIGN_ENTITLEMENTS = macOS/macOS.entitlements;
				CODE_SIGN_STYLE = Automatic;
				COMBINE_HIDPI_IMAGES = YES;
				CURRENT_PROJECT_VERSION = 1;
				DEVELOPMENT_TEAM = 2H5PN3F9B6;
				ENABLE_HARDENED_RUNTIME = YES;
				ENABLE_PREVIEWS = YES;
				GENERATE_INFOPLIST_FILE = YES;
				INFOPLIST_KEY_NSHumanReadableCopyright = "";
				LD_RUNPATH_SEARCH_PATHS = (
					"$(inherited)",
					"@executable_path/../Frameworks",
				);
				MACOSX_DEPLOYMENT_TARGET = 11.0;
				MARKETING_VERSION = 1.0;
				PRODUCT_BUNDLE_IDENTIFIER = "mike.fullstackswift.Todo-Redux";
				PRODUCT_NAME = "Todo-Redux";
				SDKROOT = macosx;
				SWIFT_EMIT_LOC_STRINGS = YES;
				SWIFT_VERSION = 5.0;
			};
			name = Debug;
		};
		878B285E270B4ABE006185E0 /* Release */ = {
			isa = XCBuildConfiguration;
			buildSettings = {
				ASSETCATALOG_COMPILER_APPICON_NAME = AppIcon;
				ASSETCATALOG_COMPILER_GLOBAL_ACCENT_COLOR_NAME = AccentColor;
				CODE_SIGN_ENTITLEMENTS = macOS/macOS.entitlements;
				CODE_SIGN_STYLE = Automatic;
				COMBINE_HIDPI_IMAGES = YES;
				CURRENT_PROJECT_VERSION = 1;
				DEVELOPMENT_TEAM = 2H5PN3F9B6;
				ENABLE_HARDENED_RUNTIME = YES;
				ENABLE_PREVIEWS = YES;
				GENERATE_INFOPLIST_FILE = YES;
				INFOPLIST_KEY_NSHumanReadableCopyright = "";
				LD_RUNPATH_SEARCH_PATHS = (
					"$(inherited)",
					"@executable_path/../Frameworks",
				);
				MACOSX_DEPLOYMENT_TARGET = 11.0;
				MARKETING_VERSION = 1.0;
				PRODUCT_BUNDLE_IDENTIFIER = "mike.fullstackswift.Todo-Redux";
				PRODUCT_NAME = "Todo-Redux";
				SDKROOT = macosx;
				SWIFT_EMIT_LOC_STRINGS = YES;
				SWIFT_VERSION = 5.0;
			};
			name = Release;
		};
/* End XCBuildConfiguration section */

/* Begin XCConfigurationList section */
		878B283F270B4ABC006185E0 /* Build configuration list for PBXProject "Todo-Redux" */ = {
			isa = XCConfigurationList;
			buildConfigurations = (
				878B2857270B4ABE006185E0 /* Debug */,
				878B2858270B4ABE006185E0 /* Release */,
			);
			defaultConfigurationIsVisible = 0;
			defaultConfigurationName = Release;
		};
		878B2859270B4ABE006185E0 /* Build configuration list for PBXNativeTarget "Todo-Redux (iOS)" */ = {
			isa = XCConfigurationList;
			buildConfigurations = (
				878B285A270B4ABE006185E0 /* Debug */,
				878B285B270B4ABE006185E0 /* Release */,
			);
			defaultConfigurationIsVisible = 0;
			defaultConfigurationName = Release;
		};
		878B285C270B4ABE006185E0 /* Build configuration list for PBXNativeTarget "Todo-Redux (macOS)" */ = {
			isa = XCConfigurationList;
			buildConfigurations = (
				878B285D270B4ABE006185E0 /* Debug */,
				878B285E270B4ABE006185E0 /* Release */,
			);
			defaultConfigurationIsVisible = 0;
			defaultConfigurationName = Release;
		};
/* End XCConfigurationList section */

/* Begin XCRemoteSwiftPackageReference section */
		87810BA8270BA81E002B5CF9 /* XCRemoteSwiftPackageReference "AnyRequest" */ = {
			isa = XCRemoteSwiftPackageReference;
			repositoryURL = "https://github.com/FullStack-Swift/AnyRequest";
			requirement = {
				branch = main;
				kind = branch;
			};
		};
		87810BAB270BA82D002B5CF9 /* XCRemoteSwiftPackageReference "Json" */ = {
			isa = XCRemoteSwiftPackageReference;
			repositoryURL = "https://github.com/FullStack-Swift/Json";
			requirement = {
				branch = main;
				kind = branch;
			};
		};
		87810BAE270BA874002B5CF9 /* XCRemoteSwiftPackageReference "SwiftConvert" */ = {
			isa = XCRemoteSwiftPackageReference;
			repositoryURL = "https://github.com/FullStack-Swift/SwiftConvert";
			requirement = {
				branch = main;
				kind = branch;
			};
		};
		878B28D9270B6250006185E0 /* XCRemoteSwiftPackageReference "SwiftRex" */ = {
			isa = XCRemoteSwiftPackageReference;
			repositoryURL = "https://github.com/SwiftRex/SwiftRex.git";
			requirement = {
				kind = upToNextMajorVersion;
				minimumVersion = 0.8.6;
			};
		};
/* End XCRemoteSwiftPackageReference section */

/* Begin XCSwiftPackageProductDependency section */
		8716CEA927125D2800CE9F3C /* CombineRex */ = {
			isa = XCSwiftPackageProductDependency;
			package = 878B28D9270B6250006185E0 /* XCRemoteSwiftPackageReference "SwiftRex" */;
			productName = CombineRex;
		};
		8716CEAB27125D2800CE9F3C /* AnyRequest */ = {
			isa = XCSwiftPackageProductDependency;
			package = 87810BA8270BA81E002B5CF9 /* XCRemoteSwiftPackageReference "AnyRequest" */;
			productName = AnyRequest;
		};
		8716CEAD27125D2800CE9F3C /* Json */ = {
			isa = XCSwiftPackageProductDependency;
			package = 87810BAB270BA82D002B5CF9 /* XCRemoteSwiftPackageReference "Json" */;
			productName = Json;
		};
		8716CEAF27125D2800CE9F3C /* ConvertSwift */ = {
			isa = XCSwiftPackageProductDependency;
			package = 87810BAE270BA874002B5CF9 /* XCRemoteSwiftPackageReference "SwiftConvert" */;
			productName = ConvertSwift;
		};
		87810BA9270BA81E002B5CF9 /* AnyRequest */ = {
			isa = XCSwiftPackageProductDependency;
			package = 87810BA8270BA81E002B5CF9 /* XCRemoteSwiftPackageReference "AnyRequest" */;
			productName = AnyRequest;
		};
		87810BAC270BA82D002B5CF9 /* Json */ = {
			isa = XCSwiftPackageProductDependency;
			package = 87810BAB270BA82D002B5CF9 /* XCRemoteSwiftPackageReference "Json" */;
			productName = Json;
		};
		87810BAF270BA874002B5CF9 /* ConvertSwift */ = {
			isa = XCSwiftPackageProductDependency;
			package = 87810BAE270BA874002B5CF9 /* XCRemoteSwiftPackageReference "SwiftConvert" */;
			productName = ConvertSwift;
		};
		878B28E0270B6301006185E0 /* CombineRex */ = {
			isa = XCSwiftPackageProductDependency;
			package = 878B28D9270B6250006185E0 /* XCRemoteSwiftPackageReference "SwiftRex" */;
			productName = CombineRex;
		};
/* End XCSwiftPackageProductDependency section */
	};
	rootObject = 878B283C270B4ABC006185E0 /* Project object */;
}
