// !$*UTF8*$!
{
	archiveVersion = 1;
	classes = {
	};
	objectVersion = 55;
	objects = {

/* Begin PBXBuildFile section */
		871FE83029E7B0AD002635BB /* RxSwiftRequest in Frameworks */ = {isa = PBXBuildFile; productRef = 871FE82F29E7B0AD002635BB /* RxSwiftRequest */; };
		871FE83229E7B0AD002635BB /* RxSwiftSocketIO in Frameworks */ = {isa = PBXBuildFile; productRef = 871FE83129E7B0AD002635BB /* RxSwiftSocketIO */; };
		871FE83429E7B0AD002635BB /* RxSwiftWebSocket in Frameworks */ = {isa = PBXBuildFile; productRef = 871FE83329E7B0AD002635BB /* RxSwiftWebSocket */; };
		871FE83629E7B0AD002635BB /* Json in Frameworks */ = {isa = PBXBuildFile; productRef = 871FE83529E7B0AD002635BB /* Json */; };
		871FE83829E7B0AD002635BB /* Transform in Frameworks */ = {isa = PBXBuildFile; productRef = 871FE83729E7B0AD002635BB /* Transform */; };
		871FE84529E7BC87002635BB /* DependencyValues+.swift in Sources */ = {isa = PBXBuildFile; fileRef = 871FE84429E7BC87002635BB /* DependencyValues+.swift */; };
		871FE84829E7BCBA002635BB /* Dependencies in Frameworks */ = {isa = PBXBuildFile; productRef = 871FE84729E7BCBA002635BB /* Dependencies */; };
		872172B329C2B28700650C0E /* Realm in Frameworks */ = {isa = PBXBuildFile; productRef = 872172B229C2B28700650C0E /* Realm */; };
		872172B529C2B28700650C0E /* RealmSwift in Frameworks */ = {isa = PBXBuildFile; productRef = 872172B429C2B28700650C0E /* RealmSwift */; };
		874912BD27ACB49700168364 /* Assets.xcassets in Resources */ = {isa = PBXBuildFile; fileRef = 874912AB27ACB49700168364 /* Assets.xcassets */; };
		874912BE27ACB49700168364 /* Assets.xcassets in Resources */ = {isa = PBXBuildFile; fileRef = 874912AB27ACB49700168364 /* Assets.xcassets */; };
		8749139927ACB68A00168364 /* MainReducer.swift in Sources */ = {isa = PBXBuildFile; fileRef = 8749137B27ACB68A00168364 /* MainReducer.swift */; };
		8749139A27ACB68A00168364 /* MainReducer.swift in Sources */ = {isa = PBXBuildFile; fileRef = 8749137B27ACB68A00168364 /* MainReducer.swift */; };
		8749139B27ACB68A00168364 /* MainState.swift in Sources */ = {isa = PBXBuildFile; fileRef = 8749137C27ACB68A00168364 /* MainState.swift */; };
		8749139C27ACB68A00168364 /* MainState.swift in Sources */ = {isa = PBXBuildFile; fileRef = 8749137C27ACB68A00168364 /* MainState.swift */; };
		8749139D27ACB68A00168364 /* MainMiddleware.swift in Sources */ = {isa = PBXBuildFile; fileRef = 8749137D27ACB68A00168364 /* MainMiddleware.swift */; };
		8749139E27ACB68A00168364 /* MainMiddleware.swift in Sources */ = {isa = PBXBuildFile; fileRef = 8749137D27ACB68A00168364 /* MainMiddleware.swift */; };
		8749139F27ACB68B00168364 /* MainView.swift in Sources */ = {isa = PBXBuildFile; fileRef = 8749137E27ACB68A00168364 /* MainView.swift */; };
		874913A027ACB68B00168364 /* MainView.swift in Sources */ = {isa = PBXBuildFile; fileRef = 8749137E27ACB68A00168364 /* MainView.swift */; };
		874913A127ACB68B00168364 /* MainAction.swift in Sources */ = {isa = PBXBuildFile; fileRef = 8749137F27ACB68A00168364 /* MainAction.swift */; };
		874913A227ACB68B00168364 /* MainAction.swift in Sources */ = {isa = PBXBuildFile; fileRef = 8749137F27ACB68A00168364 /* MainAction.swift */; };
		874913A327ACB68B00168364 /* CoreApp.swift in Sources */ = {isa = PBXBuildFile; fileRef = 8749138027ACB68A00168364 /* CoreApp.swift */; };
		874913A427ACB68B00168364 /* CoreApp.swift in Sources */ = {isa = PBXBuildFile; fileRef = 8749138027ACB68A00168364 /* CoreApp.swift */; };
		874913A527ACB68B00168364 /* TodoModel.swift in Sources */ = {isa = PBXBuildFile; fileRef = 8749138227ACB68A00168364 /* TodoModel.swift */; };
		874913A627ACB68B00168364 /* TodoModel.swift in Sources */ = {isa = PBXBuildFile; fileRef = 8749138227ACB68A00168364 /* TodoModel.swift */; };
		874913A727ACB68B00168364 /* CounterReducer.swift in Sources */ = {isa = PBXBuildFile; fileRef = 8749138427ACB68A00168364 /* CounterReducer.swift */; };
		874913A827ACB68B00168364 /* CounterReducer.swift in Sources */ = {isa = PBXBuildFile; fileRef = 8749138427ACB68A00168364 /* CounterReducer.swift */; };
		874913A927ACB68B00168364 /* CounterState.swift in Sources */ = {isa = PBXBuildFile; fileRef = 8749138527ACB68A00168364 /* CounterState.swift */; };
		874913AA27ACB68B00168364 /* CounterState.swift in Sources */ = {isa = PBXBuildFile; fileRef = 8749138527ACB68A00168364 /* CounterState.swift */; };
		874913AB27ACB68B00168364 /* CounterView.swift in Sources */ = {isa = PBXBuildFile; fileRef = 8749138627ACB68A00168364 /* CounterView.swift */; };
		874913AC27ACB68B00168364 /* CounterView.swift in Sources */ = {isa = PBXBuildFile; fileRef = 8749138627ACB68A00168364 /* CounterView.swift */; };
		874913AD27ACB68B00168364 /* CounterAction.swift in Sources */ = {isa = PBXBuildFile; fileRef = 8749138727ACB68A00168364 /* CounterAction.swift */; };
		874913AE27ACB68B00168364 /* CounterAction.swift in Sources */ = {isa = PBXBuildFile; fileRef = 8749138727ACB68A00168364 /* CounterAction.swift */; };
		874913AF27ACB68B00168364 /* CounterMiddleware.swift in Sources */ = {isa = PBXBuildFile; fileRef = 8749138827ACB68A00168364 /* CounterMiddleware.swift */; };
		874913B027ACB68B00168364 /* CounterMiddleware.swift in Sources */ = {isa = PBXBuildFile; fileRef = 8749138827ACB68A00168364 /* CounterMiddleware.swift */; };
		874913B127ACB68B00168364 /* AuthMiddleware.swift in Sources */ = {isa = PBXBuildFile; fileRef = 8749138A27ACB68A00168364 /* AuthMiddleware.swift */; };
		874913B227ACB68B00168364 /* AuthMiddleware.swift in Sources */ = {isa = PBXBuildFile; fileRef = 8749138A27ACB68A00168364 /* AuthMiddleware.swift */; };
		874913B327ACB68B00168364 /* AuthState.swift in Sources */ = {isa = PBXBuildFile; fileRef = 8749138B27ACB68A00168364 /* AuthState.swift */; };
		874913B427ACB68B00168364 /* AuthState.swift in Sources */ = {isa = PBXBuildFile; fileRef = 8749138B27ACB68A00168364 /* AuthState.swift */; };
		874913B527ACB68B00168364 /* AuthView.swift in Sources */ = {isa = PBXBuildFile; fileRef = 8749138C27ACB68A00168364 /* AuthView.swift */; };
		874913B627ACB68B00168364 /* AuthView.swift in Sources */ = {isa = PBXBuildFile; fileRef = 8749138C27ACB68A00168364 /* AuthView.swift */; };
		874913B727ACB68B00168364 /* AuthReducer.swift in Sources */ = {isa = PBXBuildFile; fileRef = 8749138D27ACB68A00168364 /* AuthReducer.swift */; };
		874913B827ACB68B00168364 /* AuthReducer.swift in Sources */ = {isa = PBXBuildFile; fileRef = 8749138D27ACB68A00168364 /* AuthReducer.swift */; };
		874913B927ACB68B00168364 /* AuthAction.swift in Sources */ = {isa = PBXBuildFile; fileRef = 8749138E27ACB68A00168364 /* AuthAction.swift */; };
		874913BA27ACB68B00168364 /* AuthAction.swift in Sources */ = {isa = PBXBuildFile; fileRef = 8749138E27ACB68A00168364 /* AuthAction.swift */; };
		874913BB27ACB68B00168364 /* RootAction.swift in Sources */ = {isa = PBXBuildFile; fileRef = 8749139027ACB68A00168364 /* RootAction.swift */; };
		874913BC27ACB68B00168364 /* RootAction.swift in Sources */ = {isa = PBXBuildFile; fileRef = 8749139027ACB68A00168364 /* RootAction.swift */; };
		874913BD27ACB68B00168364 /* RootView.swift in Sources */ = {isa = PBXBuildFile; fileRef = 8749139127ACB68A00168364 /* RootView.swift */; };
		874913BE27ACB68B00168364 /* RootView.swift in Sources */ = {isa = PBXBuildFile; fileRef = 8749139127ACB68A00168364 /* RootView.swift */; };
		874913BF27ACB68B00168364 /* RootState.swift in Sources */ = {isa = PBXBuildFile; fileRef = 8749139227ACB68A00168364 /* RootState.swift */; };
		874913C027ACB68B00168364 /* RootState.swift in Sources */ = {isa = PBXBuildFile; fileRef = 8749139227ACB68A00168364 /* RootState.swift */; };
		874913C127ACB68B00168364 /* RootReducer.swift in Sources */ = {isa = PBXBuildFile; fileRef = 8749139327ACB68A00168364 /* RootReducer.swift */; };
		874913C227ACB68B00168364 /* RootReducer.swift in Sources */ = {isa = PBXBuildFile; fileRef = 8749139327ACB68A00168364 /* RootReducer.swift */; };
		874913C327ACB68B00168364 /* RootMiddleware.swift in Sources */ = {isa = PBXBuildFile; fileRef = 8749139427ACB68A00168364 /* RootMiddleware.swift */; };
		874913C427ACB68B00168364 /* RootMiddleware.swift in Sources */ = {isa = PBXBuildFile; fileRef = 8749139427ACB68A00168364 /* RootMiddleware.swift */; };
		874913C527ACB68B00168364 /* TodoApp.swift in Sources */ = {isa = PBXBuildFile; fileRef = 8749139527ACB68A00168364 /* TodoApp.swift */; };
		874913C627ACB68B00168364 /* TodoApp.swift in Sources */ = {isa = PBXBuildFile; fileRef = 8749139527ACB68A00168364 /* TodoApp.swift */; };
		874913C927ACB68B00168364 /* ViewStore.swift in Sources */ = {isa = PBXBuildFile; fileRef = 8749139827ACB68A00168364 /* ViewStore.swift */; };
		874913CA27ACB68B00168364 /* ViewStore.swift in Sources */ = {isa = PBXBuildFile; fileRef = 8749139827ACB68A00168364 /* ViewStore.swift */; };
		87E2E6F227ACBE0800AC3214 /* RxSwiftRex in Frameworks */ = {isa = PBXBuildFile; productRef = 87E2E6F127ACBE0800AC3214 /* RxSwiftRex */; };
		87E2E6FE27ACC05300AC3214 /* RxRelay in Frameworks */ = {isa = PBXBuildFile; productRef = 87E2E6FD27ACC05300AC3214 /* RxRelay */; };
		87E2E71927ACD9AD00AC3214 /* RxSwiftRex in Frameworks */ = {isa = PBXBuildFile; productRef = 87E2E71827ACD9AD00AC3214 /* RxSwiftRex */; };
		87E2E71B27ACD9BD00AC3214 /* RxSwiftRequest in Frameworks */ = {isa = PBXBuildFile; productRef = 87E2E71A27ACD9BD00AC3214 /* RxSwiftRequest */; };
		87E2E71D27ACD9BD00AC3214 /* Json in Frameworks */ = {isa = PBXBuildFile; productRef = 87E2E71C27ACD9BD00AC3214 /* Json */; };
		87E2E71F27ACD9BD00AC3214 /* ConvertSwift in Frameworks */ = {isa = PBXBuildFile; productRef = 87E2E71E27ACD9BD00AC3214 /* ConvertSwift */; };
		87E2E72127ACD9DC00AC3214 /* RxRelay in Frameworks */ = {isa = PBXBuildFile; productRef = 87E2E72027ACD9DC00AC3214 /* RxRelay */; };
/* End PBXBuildFile section */

/* Begin PBXFileReference section */
		871FE84429E7BC87002635BB /* DependencyValues+.swift */ = {isa = PBXFileReference; lastKnownFileType = sourcecode.swift; path = "DependencyValues+.swift"; sourceTree = "<group>"; };
		874912AB27ACB49700168364 /* Assets.xcassets */ = {isa = PBXFileReference; lastKnownFileType = folder.assetcatalog; path = Assets.xcassets; sourceTree = "<group>"; };
		874912B027ACB49700168364 /* RxSwift+Redux.app */ = {isa = PBXFileReference; explicitFileType = wrapper.application; includeInIndex = 0; path = "RxSwift+Redux.app"; sourceTree = BUILT_PRODUCTS_DIR; };
		874912B627ACB49700168364 /* RxSwift+Redux.app */ = {isa = PBXFileReference; explicitFileType = wrapper.application; includeInIndex = 0; path = "RxSwift+Redux.app"; sourceTree = BUILT_PRODUCTS_DIR; };
		874912B827ACB49700168364 /* macOS.entitlements */ = {isa = PBXFileReference; lastKnownFileType = text.plist.entitlements; path = macOS.entitlements; sourceTree = "<group>"; };
		8749137B27ACB68A00168364 /* MainReducer.swift */ = {isa = PBXFileReference; fileEncoding = 4; lastKnownFileType = sourcecode.swift; path = MainReducer.swift; sourceTree = "<group>"; };
		8749137C27ACB68A00168364 /* MainState.swift */ = {isa = PBXFileReference; fileEncoding = 4; lastKnownFileType = sourcecode.swift; path = MainState.swift; sourceTree = "<group>"; };
		8749137D27ACB68A00168364 /* MainMiddleware.swift */ = {isa = PBXFileReference; fileEncoding = 4; lastKnownFileType = sourcecode.swift; path = MainMiddleware.swift; sourceTree = "<group>"; };
		8749137E27ACB68A00168364 /* MainView.swift */ = {isa = PBXFileReference; fileEncoding = 4; lastKnownFileType = sourcecode.swift; path = MainView.swift; sourceTree = "<group>"; };
		8749137F27ACB68A00168364 /* MainAction.swift */ = {isa = PBXFileReference; fileEncoding = 4; lastKnownFileType = sourcecode.swift; path = MainAction.swift; sourceTree = "<group>"; };
		8749138027ACB68A00168364 /* CoreApp.swift */ = {isa = PBXFileReference; fileEncoding = 4; lastKnownFileType = sourcecode.swift; path = CoreApp.swift; sourceTree = "<group>"; };
		8749138227ACB68A00168364 /* TodoModel.swift */ = {isa = PBXFileReference; fileEncoding = 4; lastKnownFileType = sourcecode.swift; path = TodoModel.swift; sourceTree = "<group>"; };
		8749138427ACB68A00168364 /* CounterReducer.swift */ = {isa = PBXFileReference; fileEncoding = 4; lastKnownFileType = sourcecode.swift; path = CounterReducer.swift; sourceTree = "<group>"; };
		8749138527ACB68A00168364 /* CounterState.swift */ = {isa = PBXFileReference; fileEncoding = 4; lastKnownFileType = sourcecode.swift; path = CounterState.swift; sourceTree = "<group>"; };
		8749138627ACB68A00168364 /* CounterView.swift */ = {isa = PBXFileReference; fileEncoding = 4; lastKnownFileType = sourcecode.swift; path = CounterView.swift; sourceTree = "<group>"; };
		8749138727ACB68A00168364 /* CounterAction.swift */ = {isa = PBXFileReference; fileEncoding = 4; lastKnownFileType = sourcecode.swift; path = CounterAction.swift; sourceTree = "<group>"; };
		8749138827ACB68A00168364 /* CounterMiddleware.swift */ = {isa = PBXFileReference; fileEncoding = 4; lastKnownFileType = sourcecode.swift; path = CounterMiddleware.swift; sourceTree = "<group>"; };
		8749138A27ACB68A00168364 /* AuthMiddleware.swift */ = {isa = PBXFileReference; fileEncoding = 4; lastKnownFileType = sourcecode.swift; path = AuthMiddleware.swift; sourceTree = "<group>"; };
		8749138B27ACB68A00168364 /* AuthState.swift */ = {isa = PBXFileReference; fileEncoding = 4; lastKnownFileType = sourcecode.swift; path = AuthState.swift; sourceTree = "<group>"; };
		8749138C27ACB68A00168364 /* AuthView.swift */ = {isa = PBXFileReference; fileEncoding = 4; lastKnownFileType = sourcecode.swift; path = AuthView.swift; sourceTree = "<group>"; };
		8749138D27ACB68A00168364 /* AuthReducer.swift */ = {isa = PBXFileReference; fileEncoding = 4; lastKnownFileType = sourcecode.swift; path = AuthReducer.swift; sourceTree = "<group>"; };
		8749138E27ACB68A00168364 /* AuthAction.swift */ = {isa = PBXFileReference; fileEncoding = 4; lastKnownFileType = sourcecode.swift; path = AuthAction.swift; sourceTree = "<group>"; };
		8749139027ACB68A00168364 /* RootAction.swift */ = {isa = PBXFileReference; fileEncoding = 4; lastKnownFileType = sourcecode.swift; path = RootAction.swift; sourceTree = "<group>"; };
		8749139127ACB68A00168364 /* RootView.swift */ = {isa = PBXFileReference; fileEncoding = 4; lastKnownFileType = sourcecode.swift; path = RootView.swift; sourceTree = "<group>"; };
		8749139227ACB68A00168364 /* RootState.swift */ = {isa = PBXFileReference; fileEncoding = 4; lastKnownFileType = sourcecode.swift; path = RootState.swift; sourceTree = "<group>"; };
		8749139327ACB68A00168364 /* RootReducer.swift */ = {isa = PBXFileReference; fileEncoding = 4; lastKnownFileType = sourcecode.swift; path = RootReducer.swift; sourceTree = "<group>"; };
		8749139427ACB68A00168364 /* RootMiddleware.swift */ = {isa = PBXFileReference; fileEncoding = 4; lastKnownFileType = sourcecode.swift; path = RootMiddleware.swift; sourceTree = "<group>"; };
		8749139527ACB68A00168364 /* TodoApp.swift */ = {isa = PBXFileReference; fileEncoding = 4; lastKnownFileType = sourcecode.swift; path = TodoApp.swift; sourceTree = "<group>"; };
		8749139827ACB68A00168364 /* ViewStore.swift */ = {isa = PBXFileReference; fileEncoding = 4; lastKnownFileType = sourcecode.swift; path = ViewStore.swift; sourceTree = "<group>"; };
/* End PBXFileReference section */

/* Begin PBXFrameworksBuildPhase section */
		874912AD27ACB49700168364 /* Frameworks */ = {
			isa = PBXFrameworksBuildPhase;
			buildActionMask = 2147483647;
			files = (
				872172B329C2B28700650C0E /* Realm in Frameworks */,
				871FE83229E7B0AD002635BB /* RxSwiftSocketIO in Frameworks */,
				87E2E6FE27ACC05300AC3214 /* RxRelay in Frameworks */,
				871FE83029E7B0AD002635BB /* RxSwiftRequest in Frameworks */,
				872172B529C2B28700650C0E /* RealmSwift in Frameworks */,
				871FE84829E7BCBA002635BB /* Dependencies in Frameworks */,
				87E2E6F227ACBE0800AC3214 /* RxSwiftRex in Frameworks */,
				871FE83829E7B0AD002635BB /* Transform in Frameworks */,
				871FE83629E7B0AD002635BB /* Json in Frameworks */,
				871FE83429E7B0AD002635BB /* RxSwiftWebSocket in Frameworks */,
			);
			runOnlyForDeploymentPostprocessing = 0;
		};
		874912B327ACB49700168364 /* Frameworks */ = {
			isa = PBXFrameworksBuildPhase;
			buildActionMask = 2147483647;
			files = (
				87E2E72127ACD9DC00AC3214 /* RxRelay in Frameworks */,
				87E2E71B27ACD9BD00AC3214 /* RxSwiftRequest in Frameworks */,
				87E2E71927ACD9AD00AC3214 /* RxSwiftRex in Frameworks */,
				87E2E71F27ACD9BD00AC3214 /* ConvertSwift in Frameworks */,
				87E2E71D27ACD9BD00AC3214 /* Json in Frameworks */,
			);
			runOnlyForDeploymentPostprocessing = 0;
		};
/* End PBXFrameworksBuildPhase section */

/* Begin PBXGroup section */
		871FE84329E7BC77002635BB /* Dependencies */ = {
			isa = PBXGroup;
			children = (
				871FE84429E7BC87002635BB /* DependencyValues+.swift */,
			);
			path = Dependencies;
			sourceTree = "<group>";
		};
		874912A327ACB49600168364 = {
			isa = PBXGroup;
			children = (
				874912A827ACB49600168364 /* Shared */,
				874912B727ACB49700168364 /* macOS */,
				874912B127ACB49700168364 /* Products */,
				87E2E71727ACD9AD00AC3214 /* Frameworks */,
			);
			sourceTree = "<group>";
		};
		874912A827ACB49600168364 /* Shared */ = {
			isa = PBXGroup;
			children = (
				8749137927ACB68A00168364 /* CoreApp */,
				874912AB27ACB49700168364 /* Assets.xcassets */,
			);
			path = Shared;
			sourceTree = "<group>";
		};
		874912B127ACB49700168364 /* Products */ = {
			isa = PBXGroup;
			children = (
				874912B027ACB49700168364 /* RxSwift+Redux.app */,
				874912B627ACB49700168364 /* RxSwift+Redux.app */,
			);
			name = Products;
			sourceTree = "<group>";
		};
		874912B727ACB49700168364 /* macOS */ = {
			isa = PBXGroup;
			children = (
				874912B827ACB49700168364 /* macOS.entitlements */,
			);
			path = macOS;
			sourceTree = "<group>";
		};
		8749137927ACB68A00168364 /* CoreApp */ = {
			isa = PBXGroup;
			children = (
				871FE84329E7BC77002635BB /* Dependencies */,
				8749138127ACB68A00168364 /* Models */,
				8749139627ACB68A00168364 /* Redux+ */,
				874913CD27ACB6F200168364 /* AppScreens */,
				8749139527ACB68A00168364 /* TodoApp.swift */,
			);
			path = CoreApp;
			sourceTree = "<group>";
		};
		8749137A27ACB68A00168364 /* MainScreen */ = {
			isa = PBXGroup;
			children = (
				8749137E27ACB68A00168364 /* MainView.swift */,
				8749137C27ACB68A00168364 /* MainState.swift */,
				8749137F27ACB68A00168364 /* MainAction.swift */,
				8749137B27ACB68A00168364 /* MainReducer.swift */,
				8749137D27ACB68A00168364 /* MainMiddleware.swift */,
			);
			path = MainScreen;
			sourceTree = "<group>";
		};
		8749138127ACB68A00168364 /* Models */ = {
			isa = PBXGroup;
			children = (
				8749138227ACB68A00168364 /* TodoModel.swift */,
			);
			path = Models;
			sourceTree = "<group>";
		};
		8749138327ACB68A00168364 /* CounterScreen */ = {
			isa = PBXGroup;
			children = (
				8749138627ACB68A00168364 /* CounterView.swift */,
				8749138527ACB68A00168364 /* CounterState.swift */,
				8749138727ACB68A00168364 /* CounterAction.swift */,
				8749138427ACB68A00168364 /* CounterReducer.swift */,
				8749138827ACB68A00168364 /* CounterMiddleware.swift */,
			);
			path = CounterScreen;
			sourceTree = "<group>";
		};
		8749138927ACB68A00168364 /* AuthScreen */ = {
			isa = PBXGroup;
			children = (
				8749138C27ACB68A00168364 /* AuthView.swift */,
				8749138B27ACB68A00168364 /* AuthState.swift */,
				8749138E27ACB68A00168364 /* AuthAction.swift */,
				8749138D27ACB68A00168364 /* AuthReducer.swift */,
				8749138A27ACB68A00168364 /* AuthMiddleware.swift */,
			);
			path = AuthScreen;
			sourceTree = "<group>";
		};
		8749138F27ACB68A00168364 /* RootScreen */ = {
			isa = PBXGroup;
			children = (
				8749139127ACB68A00168364 /* RootView.swift */,
				8749139227ACB68A00168364 /* RootState.swift */,
				8749139027ACB68A00168364 /* RootAction.swift */,
				8749139327ACB68A00168364 /* RootReducer.swift */,
				8749139427ACB68A00168364 /* RootMiddleware.swift */,
			);
			path = RootScreen;
			sourceTree = "<group>";
		};
		8749139627ACB68A00168364 /* Redux+ */ = {
			isa = PBXGroup;
			children = (
				8749138027ACB68A00168364 /* CoreApp.swift */,
				8749139827ACB68A00168364 /* ViewStore.swift */,
			);
			path = "Redux+";
			sourceTree = "<group>";
		};
		874913CD27ACB6F200168364 /* AppScreens */ = {
			isa = PBXGroup;
			children = (
				8749137A27ACB68A00168364 /* MainScreen */,
				8749138327ACB68A00168364 /* CounterScreen */,
				8749138927ACB68A00168364 /* AuthScreen */,
				8749138F27ACB68A00168364 /* RootScreen */,
			);
			path = AppScreens;
			sourceTree = "<group>";
		};
		87E2E71727ACD9AD00AC3214 /* Frameworks */ = {
			isa = PBXGroup;
			children = (
			);
			name = Frameworks;
			sourceTree = "<group>";
		};
/* End PBXGroup section */

/* Begin PBXNativeTarget section */
		874912AF27ACB49700168364 /* RxSwift+Redux (iOS) */ = {
			isa = PBXNativeTarget;
			buildConfigurationList = 874912C127ACB49700168364 /* Build configuration list for PBXNativeTarget "RxSwift+Redux (iOS)" */;
			buildPhases = (
				874912AC27ACB49700168364 /* Sources */,
				874912AD27ACB49700168364 /* Frameworks */,
				874912AE27ACB49700168364 /* Resources */,
			);
			buildRules = (
			);
			dependencies = (
			);
			name = "RxSwift+Redux (iOS)";
			packageProductDependencies = (
				87E2E6F127ACBE0800AC3214 /* RxSwiftRex */,
				87E2E6FD27ACC05300AC3214 /* RxRelay */,
				872172B229C2B28700650C0E /* Realm */,
				872172B429C2B28700650C0E /* RealmSwift */,
				871FE82F29E7B0AD002635BB /* RxSwiftRequest */,
				871FE83129E7B0AD002635BB /* RxSwiftSocketIO */,
				871FE83329E7B0AD002635BB /* RxSwiftWebSocket */,
				871FE83529E7B0AD002635BB /* Json */,
				871FE83729E7B0AD002635BB /* Transform */,
				871FE84729E7BCBA002635BB /* Dependencies */,
			);
			productName = "RxSwift+Redux (iOS)";
			productReference = 874912B027ACB49700168364 /* RxSwift+Redux.app */;
			productType = "com.apple.product-type.application";
		};
		874912B527ACB49700168364 /* RxSwift+Redux (macOS) */ = {
			isa = PBXNativeTarget;
			buildConfigurationList = 874912C427ACB49700168364 /* Build configuration list for PBXNativeTarget "RxSwift+Redux (macOS)" */;
			buildPhases = (
				874912B227ACB49700168364 /* Sources */,
				874912B327ACB49700168364 /* Frameworks */,
				874912B427ACB49700168364 /* Resources */,
			);
			buildRules = (
			);
			dependencies = (
			);
			name = "RxSwift+Redux (macOS)";
			packageProductDependencies = (
				87E2E71827ACD9AD00AC3214 /* RxSwiftRex */,
				87E2E71A27ACD9BD00AC3214 /* RxSwiftRequest */,
				87E2E71C27ACD9BD00AC3214 /* Json */,
				87E2E71E27ACD9BD00AC3214 /* ConvertSwift */,
				87E2E72027ACD9DC00AC3214 /* RxRelay */,
			);
			productName = "RxSwift+Redux (macOS)";
			productReference = 874912B627ACB49700168364 /* RxSwift+Redux.app */;
			productType = "com.apple.product-type.application";
		};
/* End PBXNativeTarget section */

/* Begin PBXProject section */
		874912A427ACB49600168364 /* Project object */ = {
			isa = PBXProject;
			attributes = {
				BuildIndependentTargetsInParallel = 1;
				LastSwiftUpdateCheck = 1320;
				LastUpgradeCheck = 1420;
				TargetAttributes = {
					874912AF27ACB49700168364 = {
						CreatedOnToolsVersion = 13.2.1;
					};
					874912B527ACB49700168364 = {
						CreatedOnToolsVersion = 13.2.1;
					};
				};
			};
			buildConfigurationList = 874912A727ACB49600168364 /* Build configuration list for PBXProject "RxSwift+Redux" */;
			compatibilityVersion = "Xcode 13.0";
			developmentRegion = en;
			hasScannedForEncodings = 0;
			knownRegions = (
				en,
				Base,
			);
			mainGroup = 874912A327ACB49600168364;
			packageReferences = (
				87E2E6F027ACBE0800AC3214 /* XCRemoteSwiftPackageReference "SwiftRex" */,
				87E2E6F327ACBE3800AC3214 /* XCRemoteSwiftPackageReference "Networking" */,
				87E2E6F627ACBE4800AC3214 /* XCRemoteSwiftPackageReference "Json" */,
				87E2E6F927ACBE6500AC3214 /* XCRemoteSwiftPackageReference "SwiftExtension" */,
				87E2E6FC27ACC05300AC3214 /* XCRemoteSwiftPackageReference "RxSwift" */,
				872172B129C2B28700650C0E /* XCRemoteSwiftPackageReference "realm-swift" */,
				871FE84629E7BCBA002635BB /* XCRemoteSwiftPackageReference "swift-dependencies" */,
			);
			productRefGroup = 874912B127ACB49700168364 /* Products */;
			projectDirPath = "";
			projectRoot = "";
			targets = (
				874912AF27ACB49700168364 /* RxSwift+Redux (iOS) */,
				874912B527ACB49700168364 /* RxSwift+Redux (macOS) */,
			);
		};
/* End PBXProject section */

/* Begin PBXResourcesBuildPhase section */
		874912AE27ACB49700168364 /* Resources */ = {
			isa = PBXResourcesBuildPhase;
			buildActionMask = 2147483647;
			files = (
				874912BD27ACB49700168364 /* Assets.xcassets in Resources */,
			);
			runOnlyForDeploymentPostprocessing = 0;
		};
		874912B427ACB49700168364 /* Resources */ = {
			isa = PBXResourcesBuildPhase;
			buildActionMask = 2147483647;
			files = (
				874912BE27ACB49700168364 /* Assets.xcassets in Resources */,
			);
			runOnlyForDeploymentPostprocessing = 0;
		};
/* End PBXResourcesBuildPhase section */

/* Begin PBXSourcesBuildPhase section */
		874912AC27ACB49700168364 /* Sources */ = {
			isa = PBXSourcesBuildPhase;
			buildActionMask = 2147483647;
			files = (
				874913A927ACB68B00168364 /* CounterState.swift in Sources */,
				871FE84529E7BC87002635BB /* DependencyValues+.swift in Sources */,
				8749139D27ACB68A00168364 /* MainMiddleware.swift in Sources */,
				874913A727ACB68B00168364 /* CounterReducer.swift in Sources */,
				874913C327ACB68B00168364 /* RootMiddleware.swift in Sources */,
				874913B927ACB68B00168364 /* AuthAction.swift in Sources */,
				8749139F27ACB68B00168364 /* MainView.swift in Sources */,
				874913A327ACB68B00168364 /* CoreApp.swift in Sources */,
				874913BD27ACB68B00168364 /* RootView.swift in Sources */,
				874913B127ACB68B00168364 /* AuthMiddleware.swift in Sources */,
				874913BB27ACB68B00168364 /* RootAction.swift in Sources */,
				874913A127ACB68B00168364 /* MainAction.swift in Sources */,
				8749139B27ACB68A00168364 /* MainState.swift in Sources */,
				874913C527ACB68B00168364 /* TodoApp.swift in Sources */,
				874913B727ACB68B00168364 /* AuthReducer.swift in Sources */,
				874913AD27ACB68B00168364 /* CounterAction.swift in Sources */,
				874913C127ACB68B00168364 /* RootReducer.swift in Sources */,
				874913AF27ACB68B00168364 /* CounterMiddleware.swift in Sources */,
				874913A527ACB68B00168364 /* TodoModel.swift in Sources */,
				874913BF27ACB68B00168364 /* RootState.swift in Sources */,
				874913B527ACB68B00168364 /* AuthView.swift in Sources */,
				8749139927ACB68A00168364 /* MainReducer.swift in Sources */,
				874913AB27ACB68B00168364 /* CounterView.swift in Sources */,
				874913C927ACB68B00168364 /* ViewStore.swift in Sources */,
				874913B327ACB68B00168364 /* AuthState.swift in Sources */,
			);
			runOnlyForDeploymentPostprocessing = 0;
		};
		874912B227ACB49700168364 /* Sources */ = {
			isa = PBXSourcesBuildPhase;
			buildActionMask = 2147483647;
			files = (
				874913AA27ACB68B00168364 /* CounterState.swift in Sources */,
				8749139E27ACB68A00168364 /* MainMiddleware.swift in Sources */,
				874913A827ACB68B00168364 /* CounterReducer.swift in Sources */,
				874913C427ACB68B00168364 /* RootMiddleware.swift in Sources */,
				874913BA27ACB68B00168364 /* AuthAction.swift in Sources */,
				874913A027ACB68B00168364 /* MainView.swift in Sources */,
				874913A427ACB68B00168364 /* CoreApp.swift in Sources */,
				874913BE27ACB68B00168364 /* RootView.swift in Sources */,
				874913B227ACB68B00168364 /* AuthMiddleware.swift in Sources */,
				874913BC27ACB68B00168364 /* RootAction.swift in Sources */,
				874913A227ACB68B00168364 /* MainAction.swift in Sources */,
				8749139C27ACB68A00168364 /* MainState.swift in Sources */,
				874913C627ACB68B00168364 /* TodoApp.swift in Sources */,
				874913B827ACB68B00168364 /* AuthReducer.swift in Sources */,
				874913AE27ACB68B00168364 /* CounterAction.swift in Sources */,
				874913C227ACB68B00168364 /* RootReducer.swift in Sources */,
				874913B027ACB68B00168364 /* CounterMiddleware.swift in Sources */,
				874913A627ACB68B00168364 /* TodoModel.swift in Sources */,
				874913C027ACB68B00168364 /* RootState.swift in Sources */,
				874913B627ACB68B00168364 /* AuthView.swift in Sources */,
				8749139A27ACB68A00168364 /* MainReducer.swift in Sources */,
				874913AC27ACB68B00168364 /* CounterView.swift in Sources */,
				874913CA27ACB68B00168364 /* ViewStore.swift in Sources */,
				874913B427ACB68B00168364 /* AuthState.swift in Sources */,
			);
			runOnlyForDeploymentPostprocessing = 0;
		};
/* End PBXSourcesBuildPhase section */

/* Begin XCBuildConfiguration section */
		874912BF27ACB49700168364 /* Debug */ = {
			isa = XCBuildConfiguration;
			buildSettings = {
				ALWAYS_SEARCH_USER_PATHS = NO;
				CLANG_ANALYZER_NONNULL = YES;
				CLANG_ANALYZER_NUMBER_OBJECT_CONVERSION = YES_AGGRESSIVE;
				CLANG_CXX_LANGUAGE_STANDARD = "gnu++17";
				CLANG_CXX_LIBRARY = "libc++";
				CLANG_ENABLE_MODULES = YES;
				CLANG_ENABLE_OBJC_ARC = YES;
				CLANG_ENABLE_OBJC_WEAK = YES;
				CLANG_WARN_BLOCK_CAPTURE_AUTORELEASING = YES;
				CLANG_WARN_BOOL_CONVERSION = YES;
				CLANG_WARN_COMMA = YES;
				CLANG_WARN_CONSTANT_CONVERSION = YES;
				CLANG_WARN_DEPRECATED_OBJC_IMPLEMENTATIONS = YES;
				CLANG_WARN_DIRECT_OBJC_ISA_USAGE = YES_ERROR;
				CLANG_WARN_DOCUMENTATION_COMMENTS = YES;
				CLANG_WARN_EMPTY_BODY = YES;
				CLANG_WARN_ENUM_CONVERSION = YES;
				CLANG_WARN_INFINITE_RECURSION = YES;
				CLANG_WARN_INT_CONVERSION = YES;
				CLANG_WARN_NON_LITERAL_NULL_CONVERSION = YES;
				CLANG_WARN_OBJC_IMPLICIT_RETAIN_SELF = YES;
				CLANG_WARN_OBJC_LITERAL_CONVERSION = YES;
				CLANG_WARN_OBJC_ROOT_CLASS = YES_ERROR;
				CLANG_WARN_QUOTED_INCLUDE_IN_FRAMEWORK_HEADER = YES;
				CLANG_WARN_RANGE_LOOP_ANALYSIS = YES;
				CLANG_WARN_STRICT_PROTOTYPES = YES;
				CLANG_WARN_SUSPICIOUS_MOVE = YES;
				CLANG_WARN_UNGUARDED_AVAILABILITY = YES_AGGRESSIVE;
				CLANG_WARN_UNREACHABLE_CODE = YES;
				CLANG_WARN__DUPLICATE_METHOD_MATCH = YES;
				COPY_PHASE_STRIP = NO;
				DEAD_CODE_STRIPPING = YES;
				DEBUG_INFORMATION_FORMAT = dwarf;
				ENABLE_STRICT_OBJC_MSGSEND = YES;
				ENABLE_TESTABILITY = YES;
				GCC_C_LANGUAGE_STANDARD = gnu11;
				GCC_DYNAMIC_NO_PIC = NO;
				GCC_NO_COMMON_BLOCKS = YES;
				GCC_OPTIMIZATION_LEVEL = 0;
				GCC_PREPROCESSOR_DEFINITIONS = (
					"DEBUG=1",
					"$(inherited)",
				);
				GCC_WARN_64_TO_32_BIT_CONVERSION = YES;
				GCC_WARN_ABOUT_RETURN_TYPE = YES_ERROR;
				GCC_WARN_UNDECLARED_SELECTOR = YES;
				GCC_WARN_UNINITIALIZED_AUTOS = YES_AGGRESSIVE;
				GCC_WARN_UNUSED_FUNCTION = YES;
				GCC_WARN_UNUSED_VARIABLE = YES;
				IPHONEOS_DEPLOYMENT_TARGET = 14.0;
				MACOSX_DEPLOYMENT_TARGET = 11.5;
				MTL_ENABLE_DEBUG_INFO = INCLUDE_SOURCE;
				MTL_FAST_MATH = YES;
				ONLY_ACTIVE_ARCH = YES;
				SWIFT_ACTIVE_COMPILATION_CONDITIONS = DEBUG;
				SWIFT_OPTIMIZATION_LEVEL = "-Onone";
			};
			name = Debug;
		};
		874912C027ACB49700168364 /* Release */ = {
			isa = XCBuildConfiguration;
			buildSettings = {
				ALWAYS_SEARCH_USER_PATHS = NO;
				CLANG_ANALYZER_NONNULL = YES;
				CLANG_ANALYZER_NUMBER_OBJECT_CONVERSION = YES_AGGRESSIVE;
				CLANG_CXX_LANGUAGE_STANDARD = "gnu++17";
				CLANG_CXX_LIBRARY = "libc++";
				CLANG_ENABLE_MODULES = YES;
				CLANG_ENABLE_OBJC_ARC = YES;
				CLANG_ENABLE_OBJC_WEAK = YES;
				CLANG_WARN_BLOCK_CAPTURE_AUTORELEASING = YES;
				CLANG_WARN_BOOL_CONVERSION = YES;
				CLANG_WARN_COMMA = YES;
				CLANG_WARN_CONSTANT_CONVERSION = YES;
				CLANG_WARN_DEPRECATED_OBJC_IMPLEMENTATIONS = YES;
				CLANG_WARN_DIRECT_OBJC_ISA_USAGE = YES_ERROR;
				CLANG_WARN_DOCUMENTATION_COMMENTS = YES;
				CLANG_WARN_EMPTY_BODY = YES;
				CLANG_WARN_ENUM_CONVERSION = YES;
				CLANG_WARN_INFINITE_RECURSION = YES;
				CLANG_WARN_INT_CONVERSION = YES;
				CLANG_WARN_NON_LITERAL_NULL_CONVERSION = YES;
				CLANG_WARN_OBJC_IMPLICIT_RETAIN_SELF = YES;
				CLANG_WARN_OBJC_LITERAL_CONVERSION = YES;
				CLANG_WARN_OBJC_ROOT_CLASS = YES_ERROR;
				CLANG_WARN_QUOTED_INCLUDE_IN_FRAMEWORK_HEADER = YES;
				CLANG_WARN_RANGE_LOOP_ANALYSIS = YES;
				CLANG_WARN_STRICT_PROTOTYPES = YES;
				CLANG_WARN_SUSPICIOUS_MOVE = YES;
				CLANG_WARN_UNGUARDED_AVAILABILITY = YES_AGGRESSIVE;
				CLANG_WARN_UNREACHABLE_CODE = YES;
				CLANG_WARN__DUPLICATE_METHOD_MATCH = YES;
				COPY_PHASE_STRIP = NO;
				DEAD_CODE_STRIPPING = YES;
				DEBUG_INFORMATION_FORMAT = "dwarf-with-dsym";
				ENABLE_NS_ASSERTIONS = NO;
				ENABLE_STRICT_OBJC_MSGSEND = YES;
				GCC_C_LANGUAGE_STANDARD = gnu11;
				GCC_NO_COMMON_BLOCKS = YES;
				GCC_WARN_64_TO_32_BIT_CONVERSION = YES;
				GCC_WARN_ABOUT_RETURN_TYPE = YES_ERROR;
				GCC_WARN_UNDECLARED_SELECTOR = YES;
				GCC_WARN_UNINITIALIZED_AUTOS = YES_AGGRESSIVE;
				GCC_WARN_UNUSED_FUNCTION = YES;
				GCC_WARN_UNUSED_VARIABLE = YES;
				IPHONEOS_DEPLOYMENT_TARGET = 14.0;
				MACOSX_DEPLOYMENT_TARGET = 11.5;
				MTL_ENABLE_DEBUG_INFO = NO;
				MTL_FAST_MATH = YES;
				SWIFT_COMPILATION_MODE = wholemodule;
				SWIFT_OPTIMIZATION_LEVEL = "-O";
			};
			name = Release;
		};
		874912C227ACB49700168364 /* Debug */ = {
			isa = XCBuildConfiguration;
			buildSettings = {
				ASSETCATALOG_COMPILER_APPICON_NAME = AppIcon;
				ASSETCATALOG_COMPILER_GLOBAL_ACCENT_COLOR_NAME = AccentColor;
				CODE_SIGN_STYLE = Automatic;
				CURRENT_PROJECT_VERSION = 1;
				DEVELOPMENT_TEAM = 2H5PN3F9B6;
				ENABLE_PREVIEWS = YES;
				GENERATE_INFOPLIST_FILE = YES;
				INFOPLIST_KEY_UIApplicationSceneManifest_Generation = YES;
				INFOPLIST_KEY_UIApplicationSupportsIndirectInputEvents = YES;
				INFOPLIST_KEY_UILaunchScreen_Generation = YES;
				INFOPLIST_KEY_UISupportedInterfaceOrientations_iPad = "UIInterfaceOrientationPortrait UIInterfaceOrientationPortraitUpsideDown UIInterfaceOrientationLandscapeLeft UIInterfaceOrientationLandscapeRight";
				INFOPLIST_KEY_UISupportedInterfaceOrientations_iPhone = "UIInterfaceOrientationPortrait UIInterfaceOrientationLandscapeLeft UIInterfaceOrientationLandscapeRight";
				IPHONEOS_DEPLOYMENT_TARGET = 14.0;
				LD_RUNPATH_SEARCH_PATHS = (
					"$(inherited)",
					"@executable_path/Frameworks",
				);
				MARKETING_VERSION = 1.0;
				PRODUCT_BUNDLE_IDENTIFIER = "mike.fullstackswift.RxSwift-Redux";
				PRODUCT_NAME = "RxSwift+Redux";
				SDKROOT = iphoneos;
				SWIFT_EMIT_LOC_STRINGS = YES;
				SWIFT_VERSION = 5.0;
				TARGETED_DEVICE_FAMILY = "1,2";
			};
			name = Debug;
		};
		874912C327ACB49700168364 /* Release */ = {
			isa = XCBuildConfiguration;
			buildSettings = {
				ASSETCATALOG_COMPILER_APPICON_NAME = AppIcon;
				ASSETCATALOG_COMPILER_GLOBAL_ACCENT_COLOR_NAME = AccentColor;
				CODE_SIGN_STYLE = Automatic;
				CURRENT_PROJECT_VERSION = 1;
				DEVELOPMENT_TEAM = 2H5PN3F9B6;
				ENABLE_PREVIEWS = YES;
				GENERATE_INFOPLIST_FILE = YES;
				INFOPLIST_KEY_UIApplicationSceneManifest_Generation = YES;
				INFOPLIST_KEY_UIApplicationSupportsIndirectInputEvents = YES;
				INFOPLIST_KEY_UILaunchScreen_Generation = YES;
				INFOPLIST_KEY_UISupportedInterfaceOrientations_iPad = "UIInterfaceOrientationPortrait UIInterfaceOrientationPortraitUpsideDown UIInterfaceOrientationLandscapeLeft UIInterfaceOrientationLandscapeRight";
				INFOPLIST_KEY_UISupportedInterfaceOrientations_iPhone = "UIInterfaceOrientationPortrait UIInterfaceOrientationLandscapeLeft UIInterfaceOrientationLandscapeRight";
				IPHONEOS_DEPLOYMENT_TARGET = 14.0;
				LD_RUNPATH_SEARCH_PATHS = (
					"$(inherited)",
					"@executable_path/Frameworks",
				);
				MARKETING_VERSION = 1.0;
				PRODUCT_BUNDLE_IDENTIFIER = "mike.fullstackswift.RxSwift-Redux";
				PRODUCT_NAME = "RxSwift+Redux";
				SDKROOT = iphoneos;
				SWIFT_EMIT_LOC_STRINGS = YES;
				SWIFT_VERSION = 5.0;
				TARGETED_DEVICE_FAMILY = "1,2";
				VALIDATE_PRODUCT = YES;
			};
			name = Release;
		};
		874912C527ACB49700168364 /* Debug */ = {
			isa = XCBuildConfiguration;
			buildSettings = {
				ASSETCATALOG_COMPILER_APPICON_NAME = AppIcon;
				ASSETCATALOG_COMPILER_GLOBAL_ACCENT_COLOR_NAME = AccentColor;
				CODE_SIGN_ENTITLEMENTS = macOS/macOS.entitlements;
				CODE_SIGN_IDENTITY = "-";
				CODE_SIGN_STYLE = Automatic;
				COMBINE_HIDPI_IMAGES = YES;
				CURRENT_PROJECT_VERSION = 1;
				DEAD_CODE_STRIPPING = YES;
				DEVELOPMENT_TEAM = 2H5PN3F9B6;
				ENABLE_HARDENED_RUNTIME = YES;
				ENABLE_PREVIEWS = YES;
				GENERATE_INFOPLIST_FILE = YES;
				INFOPLIST_KEY_NSHumanReadableCopyright = "";
				LD_RUNPATH_SEARCH_PATHS = (
					"$(inherited)",
					"@executable_path/../Frameworks",
				);
				MACOSX_DEPLOYMENT_TARGET = 11.6;
				MARKETING_VERSION = 1.0;
				PRODUCT_BUNDLE_IDENTIFIER = "mike.fullstackswift.RxSwift-Redux";
				PRODUCT_NAME = "RxSwift+Redux";
				SDKROOT = macosx;
				SWIFT_EMIT_LOC_STRINGS = YES;
				SWIFT_VERSION = 5.0;
			};
			name = Debug;
		};
		874912C627ACB49700168364 /* Release */ = {
			isa = XCBuildConfiguration;
			buildSettings = {
				ASSETCATALOG_COMPILER_APPICON_NAME = AppIcon;
				ASSETCATALOG_COMPILER_GLOBAL_ACCENT_COLOR_NAME = AccentColor;
				CODE_SIGN_ENTITLEMENTS = macOS/macOS.entitlements;
				CODE_SIGN_IDENTITY = "-";
				CODE_SIGN_STYLE = Automatic;
				COMBINE_HIDPI_IMAGES = YES;
				CURRENT_PROJECT_VERSION = 1;
				DEAD_CODE_STRIPPING = YES;
				DEVELOPMENT_TEAM = 2H5PN3F9B6;
				ENABLE_HARDENED_RUNTIME = YES;
				ENABLE_PREVIEWS = YES;
				GENERATE_INFOPLIST_FILE = YES;
				INFOPLIST_KEY_NSHumanReadableCopyright = "";
				LD_RUNPATH_SEARCH_PATHS = (
					"$(inherited)",
					"@executable_path/../Frameworks",
				);
				MACOSX_DEPLOYMENT_TARGET = 11.6;
				MARKETING_VERSION = 1.0;
				PRODUCT_BUNDLE_IDENTIFIER = "mike.fullstackswift.RxSwift-Redux";
				PRODUCT_NAME = "RxSwift+Redux";
				SDKROOT = macosx;
				SWIFT_EMIT_LOC_STRINGS = YES;
				SWIFT_VERSION = 5.0;
			};
			name = Release;
		};
/* End XCBuildConfiguration section */

/* Begin XCConfigurationList section */
		874912A727ACB49600168364 /* Build configuration list for PBXProject "RxSwift+Redux" */ = {
			isa = XCConfigurationList;
			buildConfigurations = (
				874912BF27ACB49700168364 /* Debug */,
				874912C027ACB49700168364 /* Release */,
			);
			defaultConfigurationIsVisible = 0;
			defaultConfigurationName = Release;
		};
		874912C127ACB49700168364 /* Build configuration list for PBXNativeTarget "RxSwift+Redux (iOS)" */ = {
			isa = XCConfigurationList;
			buildConfigurations = (
				874912C227ACB49700168364 /* Debug */,
				874912C327ACB49700168364 /* Release */,
			);
			defaultConfigurationIsVisible = 0;
			defaultConfigurationName = Release;
		};
		874912C427ACB49700168364 /* Build configuration list for PBXNativeTarget "RxSwift+Redux (macOS)" */ = {
			isa = XCConfigurationList;
			buildConfigurations = (
				874912C527ACB49700168364 /* Debug */,
				874912C627ACB49700168364 /* Release */,
			);
			defaultConfigurationIsVisible = 0;
			defaultConfigurationName = Release;
		};
/* End XCConfigurationList section */

/* Begin XCRemoteSwiftPackageReference section */
		871FE84629E7BCBA002635BB /* XCRemoteSwiftPackageReference "swift-dependencies" */ = {
			isa = XCRemoteSwiftPackageReference;
			repositoryURL = "https://github.com/pointfreeco/swift-dependencies.git";
			requirement = {
				kind = exactVersion;
				version = 0.2.0;
			};
		};
		872172B129C2B28700650C0E /* XCRemoteSwiftPackageReference "realm-swift" */ = {
			isa = XCRemoteSwiftPackageReference;
			repositoryURL = "https://github.com/realm/realm-swift.git";
			requirement = {
				kind = exactVersion;
				version = 10.37.0;
			};
		};
		87E2E6F027ACBE0800AC3214 /* XCRemoteSwiftPackageReference "SwiftRex" */ = {
			isa = XCRemoteSwiftPackageReference;
			repositoryURL = "https://github.com/SwiftRex/SwiftRex.git";
			requirement = {
				kind = exactVersion;
				version = 0.8.11;
			};
		};
		87E2E6F327ACBE3800AC3214 /* XCRemoteSwiftPackageReference "Networking" */ = {
			isa = XCRemoteSwiftPackageReference;
			repositoryURL = "https://github.com/FullStack-Swift/Networking";
			requirement = {
				branch = main;
				kind = branch;
			};
		};
		87E2E6F627ACBE4800AC3214 /* XCRemoteSwiftPackageReference "Json" */ = {
			isa = XCRemoteSwiftPackageReference;
			repositoryURL = "https://github.com/FullStack-Swift/Json";
			requirement = {
				branch = main;
				kind = branch;
			};
		};
		87E2E6F927ACBE6500AC3214 /* XCRemoteSwiftPackageReference "SwiftExtension" */ = {
			isa = XCRemoteSwiftPackageReference;
			repositoryURL = "https://github.com/FullStack-Swift/SwiftExtension";
			requirement = {
				branch = main;
				kind = branch;
			};
		};
		87E2E6FC27ACC05300AC3214 /* XCRemoteSwiftPackageReference "RxSwift" */ = {
			isa = XCRemoteSwiftPackageReference;
			repositoryURL = "https://github.com/ReactiveX/RxSwift.git";
			requirement = {
				kind = exactVersion;
				version = 6.5.0;
			};
		};
/* End XCRemoteSwiftPackageReference section */

/* Begin XCSwiftPackageProductDependency section */
		871FE82F29E7B0AD002635BB /* RxSwiftRequest */ = {
			isa = XCSwiftPackageProductDependency;
			package = 87E2E6F327ACBE3800AC3214 /* XCRemoteSwiftPackageReference "Networking" */;
			productName = RxSwiftRequest;
		};
		871FE83129E7B0AD002635BB /* RxSwiftSocketIO */ = {
			isa = XCSwiftPackageProductDependency;
			package = 87E2E6F327ACBE3800AC3214 /* XCRemoteSwiftPackageReference "Networking" */;
			productName = RxSwiftSocketIO;
		};
		871FE83329E7B0AD002635BB /* RxSwiftWebSocket */ = {
			isa = XCSwiftPackageProductDependency;
			package = 87E2E6F327ACBE3800AC3214 /* XCRemoteSwiftPackageReference "Networking" */;
			productName = RxSwiftWebSocket;
		};
		871FE83529E7B0AD002635BB /* Json */ = {
			isa = XCSwiftPackageProductDependency;
			package = 87E2E6F627ACBE4800AC3214 /* XCRemoteSwiftPackageReference "Json" */;
			productName = Json;
		};
		871FE83729E7B0AD002635BB /* Transform */ = {
			isa = XCSwiftPackageProductDependency;
			package = 87E2E6F927ACBE6500AC3214 /* XCRemoteSwiftPackageReference "SwiftExtension" */;
			productName = Transform;
		};
		871FE84729E7BCBA002635BB /* Dependencies */ = {
			isa = XCSwiftPackageProductDependency;
			package = 871FE84629E7BCBA002635BB /* XCRemoteSwiftPackageReference "swift-dependencies" */;
			productName = Dependencies;
		};
		872172B229C2B28700650C0E /* Realm */ = {
			isa = XCSwiftPackageProductDependency;
			package = 872172B129C2B28700650C0E /* XCRemoteSwiftPackageReference "realm-swift" */;
			productName = Realm;
		};
		872172B429C2B28700650C0E /* RealmSwift */ = {
			isa = XCSwiftPackageProductDependency;
			package = 872172B129C2B28700650C0E /* XCRemoteSwiftPackageReference "realm-swift" */;
			productName = RealmSwift;
		};
		87E2E6F127ACBE0800AC3214 /* RxSwiftRex */ = {
			isa = XCSwiftPackageProductDependency;
			package = 87E2E6F027ACBE0800AC3214 /* XCRemoteSwiftPackageReference "SwiftRex" */;
			productName = RxSwiftRex;
		};
		87E2E6FD27ACC05300AC3214 /* RxRelay */ = {
			isa = XCSwiftPackageProductDependency;
			package = 87E2E6FC27ACC05300AC3214 /* XCRemoteSwiftPackageReference "RxSwift" */;
			productName = RxRelay;
		};
		87E2E71827ACD9AD00AC3214 /* RxSwiftRex */ = {
			isa = XCSwiftPackageProductDependency;
			package = 87E2E6F027ACBE0800AC3214 /* XCRemoteSwiftPackageReference "SwiftRex" */;
			productName = RxSwiftRex;
		};
		87E2E71A27ACD9BD00AC3214 /* RxSwiftRequest */ = {
			isa = XCSwiftPackageProductDependency;
			package = 87E2E6F327ACBE3800AC3214 /* XCRemoteSwiftPackageReference "Networking" */;
			productName = RxSwiftRequest;
		};
		87E2E71C27ACD9BD00AC3214 /* Json */ = {
			isa = XCSwiftPackageProductDependency;
			package = 87E2E6F627ACBE4800AC3214 /* XCRemoteSwiftPackageReference "Json" */;
			productName = Json;
		};
		87E2E71E27ACD9BD00AC3214 /* ConvertSwift */ = {
			isa = XCSwiftPackageProductDependency;
			package = 87E2E6F927ACBE6500AC3214 /* XCRemoteSwiftPackageReference "SwiftExtension" */;
			productName = ConvertSwift;
		};
		87E2E72027ACD9DC00AC3214 /* RxRelay */ = {
			isa = XCSwiftPackageProductDependency;
			package = 87E2E6FC27ACC05300AC3214 /* XCRemoteSwiftPackageReference "RxSwift" */;
			productName = RxRelay;
		};
/* End XCSwiftPackageProductDependency section */
	};
	rootObject = 874912A427ACB49600168364 /* Project object */;
}
