{
  "pins" : [
    {
      "identity" : "alamofire",
      "kind" : "remoteSourceControl",
      "location" : "https://github.com/Alamofire/Alamofire.git",
      "state" : {
        "revision" : "78424be314842833c04bc3bef5b72e85fff99204",
        "version" : "5.6.4"
      }
    },
    {
      "identity" : "combine-schedulers",
      "kind" : "remoteSourceControl",
      "location" : "https://github.com/pointfreeco/combine-schedulers",
      "state" : {
        "revision" : "882ac01eb7ef9e36d4467eb4b1151e74fcef85ab",
        "version" : "0.9.1"
      }
    },
    {
      "identity" : "json",
      "kind" : "remoteSourceControl",
      "location" : "https://github.com/FullStack-Swift/Json",
      "state" : {
        "branch" : "main",
        "revision" : "ac54806fd7e10587755ac5cfd802ae15ef6907d4"
      }
    },
    {
      "identity" : "networking",
      "kind" : "remoteSourceControl",
      "location" : "https://github.com/FullStack-Swift/Networking",
      "state" : {
        "branch" : "main",
        "revision" : "e0b1c68e6e550edcb6a3e294e9b6a1c80abf7c51"
      }
    },
    {
      "identity" : "reactiveswift",
      "kind" : "remoteSourceControl",
      "location" : "https://github.com/ReactiveCocoa/ReactiveSwift.git",
      "state" : {
        "revision" : "40c465af19b993344e84355c00669ba2022ca3cd",
        "version" : "7.1.1"
      }
    },
    {
      "identity" : "realm-core",
      "kind" : "remoteSourceControl",
      "location" : "https://github.com/realm/realm-core.git",
      "state" : {
        "revision" : "dd91f5f967c4ae89c37e24ab2a0315c31106648f",
        "version" : "13.6.0"
      }
    },
    {
      "identity" : "realm-swift",
      "kind" : "remoteSourceControl",
      "location" : "https://github.com/realm/realm-swift.git",
      "state" : {
        "revision" : "8ac6fe1aa5d0fb0100062d80863416a4d70de8ca",
        "version" : "10.37.0"
      }
    },
    {
      "identity" : "rxswift",
      "kind" : "remoteSourceControl",
      "location" : "https://github.com/ReactiveX/RxSwift.git",
      "state" : {
        "revision" : "b4307ba0b6425c0ba4178e138799946c3da594f8",
        "version" : "6.5.0"
      }
    },
    {
      "identity" : "socket.io-client-swift",
      "kind" : "remoteSourceControl",
      "location" : "https://github.com/socketio/socket.io-client-swift",
      "state" : {
        "revision" : "af5ce97b755d964235348d96f6db5cbdcbe334a5",
        "version" : "16.0.1"
      }
    },
    {
      "identity" : "starscream",
      "kind" : "remoteSourceControl",
      "location" : "https://github.com/daltoniam/Starscream.git",
      "state" : {
        "revision" : "df8d82047f6654d8e4b655d1b1525c64e1059d21",
        "version" : "4.0.4"
      }
    },
    {
      "identity" : "swift-clocks",
      "kind" : "remoteSourceControl",
      "location" : "https://github.com/pointfreeco/swift-clocks",
      "state" : {
        "revision" : "20b25ca0dd88ebfb9111ec937814ddc5a8880172",
        "version" : "0.2.0"
      }
    },
    {
      "identity" : "swift-dependencies",
      "kind" : "remoteSourceControl",
      "location" : "https://github.com/pointfreeco/swift-dependencies",
      "state" : {
        "revision" : "6bb1034e8a1bfbf46dfb766b6c09b7b17e1cba10",
        "version" : "0.2.0"
      }
    },
    {
      "identity" : "swiftextension",
      "kind" : "remoteSourceControl",
      "location" : "https://github.com/FullStack-Swift/SwiftExtension",
      "state" : {
        "branch" : "main",
        "revision" : "6f97ddaa7c7e84be9ee86f1be8e8c1271118413c"
      }
    },
    {
      "identity" : "swiftrex",
      "kind" : "remoteSourceControl",
      "location" : "https://github.com/SwiftRex/SwiftRex.git",
      "state" : {
        "revision" : "109b82bd32cd1d1b417d000deb020254dccea97b",
        "version" : "0.8.11"
      }
    },
    {
      "identity" : "xctest-dynamic-overlay",
      "kind" : "remoteSourceControl",
      "location" : "https://github.com/pointfreeco/xctest-dynamic-overlay",
      "state" : {
        "revision" : "ab8c9f45843694dd16be4297e6d44c0634fd9913",
        "version" : "0.8.4"
      }
    }
  ],
  "version" : 2
}
